
Microsoft Visual Studio Solution File, Format Version 12.00
# Visual Studio Version 17
VisualStudioVersion = 17.12.35527.113
MinimumVisualStudioVersion = 10.0.40219.1
Project("{8BC9CEB8-8B4A-11D0-8D11-00A0C91BC942}") = "SystemCalls", "SystemCalls\SystemCalls.vcxproj", "{FAFB29EE-8163-4A96-BA5F-883120E00715}"
EndProject
Project("{8BC9CEB8-8B4A-11D0-8D11-00A0C91BC942}") = "SystemCallsTest00", "SystemCallsTest00\SystemCallsTest00.vcxproj", "{08143841-5938-4383-8A3E-325FF492F2AE}"
	ProjectSection(ProjectDependencies) = postProject
		{FAFB29EE-8163-4A96-BA5F-883120E00715} = {FAFB29EE-8163-4A96-BA5F-883120E00715}
	EndProjectSection
EndProject
Project("{8BC9CEB8-8B4A-11D0-8D11-00A0C91BC942}") = "TestCommon", "TestCommon\TestCommon.vcxproj", "{837F1B9F-D28B-4917-A63E-04BF74C670FD}"
EndProject
Project("{8BC9CEB8-8B4A-11D0-8D11-00A0C91BC942}") = "SystemCallsTest01", "SystemCallsTest01\SystemCallsTest01.vcxproj", "{97B8DF96-2B60-437A-93C0-38F576FF3E58}"
	ProjectSection(ProjectDependencies) = postProject
		{FAFB29EE-8163-4A96-BA5F-883120E00715} = {FAFB29EE-8163-4A96-BA5F-883120E00715}
	EndProjectSection
EndProject
Project("{8BC9CEB8-8B4A-11D0-8D11-00A0C91BC942}") = "SystemCallsTest02", "SystemCallsTest02\SystemCallsTest02.vcxproj", "{E5666579-B81C-40B9-9986-F157D3F9D989}"
	ProjectSection(ProjectDependencies) = postProject
		{FAFB29EE-8163-4A96-BA5F-883120E00715} = {FAFB29EE-8163-4A96-BA5F-883120E00715}
	EndProjectSection
EndProject
Project("{8BC9CEB8-8B4A-11D0-8D11-00A0C91BC942}") = "SystemCallsTest03", "SystemCallsTest03\SystemCallsTest03.vcxproj", "{3A40AC4A-18BD-4F31-969C-70787024D8A2}"
	ProjectSection(ProjectDependencies) = postProject
		{FAFB29EE-8163-4A96-BA5F-883120E00715} = {FAFB29EE-8163-4A96-BA5F-883120E00715}
	EndProjectSection
EndProject
Project("{8BC9CEB8-8B4A-11D0-8D11-00A0C91BC942}") = "SystemCallsTest04", "SystemCallsTest04\SystemCallsTest04.vcxproj", "{E1D2B402-EC74-4C8A-9BDA-0B70BA880518}"
	ProjectSection(ProjectDependencies) = postProject
		{FAFB29EE-8163-4A96-BA5F-883120E00715} = {FAFB29EE-8163-4A96-BA5F-883120E00715}
	EndProjectSection
EndProject
Project("{8BC9CEB8-8B4A-11D0-8D11-00A0C91BC942}") = "SystemCallsTest05", "SystemCallsTest05\SystemCallsTest05.vcxproj", "{6A442BDD-1140-4B4B-A8A6-B4D249F6CB7E}"
	ProjectSection(ProjectDependencies) = postProject
		{FAFB29EE-8163-4A96-BA5F-883120E00715} = {FAFB29EE-8163-4A96-BA5F-883120E00715}
	EndProjectSection
EndProject
Project("{8BC9CEB8-8B4A-11D0-8D11-00A0C91BC942}") = "SystemCallsTest06", "SystemCallsTest06\SystemCallsTest06.vcxproj", "{F3865037-62A0-4744-81E8-953D611C2609}"
	ProjectSection(ProjectDependencies) = postProject
		{FAFB29EE-8163-4A96-BA5F-883120E00715} = {FAFB29EE-8163-4A96-BA5F-883120E00715}
	EndProjectSection
EndProject
Project("{8BC9CEB8-8B4A-11D0-8D11-00A0C91BC942}") = "SystemCallsTest07", "SystemCallsTest07\SystemCallsTest07.vcxproj", "{A9C1019A-3B3E-4D96-87F7-7CCB4B6FDF97}"
	ProjectSection(ProjectDependencies) = postProject
		{FAFB29EE-8163-4A96-BA5F-883120E00715} = {FAFB29EE-8163-4A96-BA5F-883120E00715}
	EndProjectSection
EndProject
Project("{8BC9CEB8-8B4A-11D0-8D11-00A0C91BC942}") = "SystemCallsTest08", "SystemCallsTest08\SystemCallsTest08.vcxproj", "{F4167B9E-E3F9-4CB2-AAA5-BC84D9F7D7CA}"
	ProjectSection(ProjectDependencies) = postProject
		{FAFB29EE-8163-4A96-BA5F-883120E00715} = {FAFB29EE-8163-4A96-BA5F-883120E00715}
	EndProjectSection
EndProject
Project("{8BC9CEB8-8B4A-11D0-8D11-00A0C91BC942}") = "SystemCallsTest09", "SystemCallsTest09\SystemCallsTest09.vcxproj", "{A5284A94-94ED-45EA-88E1-8FD9761D396C}"
	ProjectSection(ProjectDependencies) = postProject
		{FAFB29EE-8163-4A96-BA5F-883120E00715} = {FAFB29EE-8163-4A96-BA5F-883120E00715}
	EndProjectSection
EndProject
Project("{8BC9CEB8-8B4A-11D0-8D11-00A0C91BC942}") = "SystemCallsTest10", "SystemCallsTest10\SystemCallsTest10.vcxproj", "{E41ED64F-78FC-429C-86FC-0F01AE4DB9CC}"
	ProjectSection(ProjectDependencies) = postProject
		{FAFB29EE-8163-4A96-BA5F-883120E00715} = {FAFB29EE-8163-4A96-BA5F-883120E00715}
	EndProjectSection
EndProject
Project("{8BC9CEB8-8B4A-11D0-8D11-00A0C91BC942}") = "SystemCallsTest11", "SystemCallsTest11\SystemCallsTest11.vcxproj", "{8BC1F8AA-10D3-4D76-8703-69A4CBC77E73}"
	ProjectSection(ProjectDependencies) = postProject
		{FAFB29EE-8163-4A96-BA5F-883120E00715} = {FAFB29EE-8163-4A96-BA5F-883120E00715}
	EndProjectSection
EndProject
Project("{8BC9CEB8-8B4A-11D0-8D11-00A0C91BC942}") = "SystemCallsTest12", "SystemCallsTest12\SystemCallsTest12.vcxproj", "{D0766578-7620-4902-8F1E-12FC0932482C}"
	ProjectSection(ProjectDependencies) = postProject
		{FAFB29EE-8163-4A96-BA5F-883120E00715} = {FAFB29EE-8163-4A96-BA5F-883120E00715}
	EndProjectSection
EndProject
Project("{8BC9CEB8-8B4A-11D0-8D11-00A0C91BC942}") = "SystemCallsTest13", "SystemCallsTest13\SystemCallsTest13.vcxproj", "{7FE29296-6165-4668-B9C9-987E69A8B70A}"
	ProjectSection(ProjectDependencies) = postProject
		{FAFB29EE-8163-4A96-BA5F-883120E00715} = {FAFB29EE-8163-4A96-BA5F-883120E00715}
	EndProjectSection
EndProject
Project("{8BC9CEB8-8B4A-11D0-8D11-00A0C91BC942}") = "SystemCallsTest14", "SystemCallsTest14\SystemCallsTest14.vcxproj", "{BDB3F30C-6C06-4AFB-BDB9-2BECB305B665}"
	ProjectSection(ProjectDependencies) = postProject
		{FAFB29EE-8163-4A96-BA5F-883120E00715} = {FAFB29EE-8163-4A96-BA5F-883120E00715}
	EndProjectSection
EndProject
Project("{8BC9CEB8-8B4A-11D0-8D11-00A0C91BC942}") = "SystemCallsTest15", "SystemCallsTest15\SystemCallsTest15.vcxproj", "{E3F134B7-8284-49CF-BC56-E0C443E05C54}"
	ProjectSection(ProjectDependencies) = postProject
		{FAFB29EE-8163-4A96-BA5F-883120E00715} = {FAFB29EE-8163-4A96-BA5F-883120E00715}
	EndProjectSection
EndProject
Project("{8BC9CEB8-8B4A-11D0-8D11-00A0C91BC942}") = "SystemCallsTest16", "SystemCallsTest16\SystemCallsTest16.vcxproj", "{3E2CCF34-8FEA-45DC-8D57-F8BA0B5701A9}"
	ProjectSection(ProjectDependencies) = postProject
		{FAFB29EE-8163-4A96-BA5F-883120E00715} = {FAFB29EE-8163-4A96-BA5F-883120E00715}
	EndProjectSection
EndProject
Project("{8BC9CEB8-8B4A-11D0-8D11-00A0C91BC942}") = "SystemCallsTest17", "SystemCallsTest17\SystemCallsTest17.vcxproj", "{C435E062-2361-495C-A665-E56D534DE283}"
	ProjectSection(ProjectDependencies) = postProject
		{FAFB29EE-8163-4A96-BA5F-883120E00715} = {FAFB29EE-8163-4A96-BA5F-883120E00715}
	EndProjectSection
EndProject
Project("{8BC9CEB8-8B4A-11D0-8D11-00A0C91BC942}") = "SystemCallsTest18", "SystemCallsTest18\SystemCallsTest18.vcxproj", "{175615AE-A0E8-4EE4-9608-083404B01C46}"
EndProject
Project("{8BC9CEB8-8B4A-11D0-8D11-00A0C91BC942}") = "SystemCallsTest19", "SystemCallsTest19\SystemCallsTest19.vcxproj", "{0FA6A694-360D-42BB-97C0-C21CC7237341}"
EndProject
Project("{8BC9CEB8-8B4A-11D0-8D11-00A0C91BC942}") = "SystemCallsTest20", "SystemCallsTest20\SystemCallsTest20.vcxproj", "{E49F14FF-9DFB-423E-86E0-06D9B1973188}"
EndProject
Project("{8BC9CEB8-8B4A-11D0-8D11-00A0C91BC942}") = "SystemCallsTest21", "SystemCallsTest21\SystemCallsTest21.vcxproj", "{C217ACD7-A731-4B58-99C0-3CA844819124}"
EndProject
Project("{8BC9CEB8-8B4A-11D0-8D11-00A0C91BC942}") = "SystemCallsTest22", "SystemCallsTest22\SystemCallsTest22.vcxproj", "{6D078722-A429-439C-A6F0-5A76A497B261}"
EndProject
Project("{8BC9CEB8-8B4A-11D0-8D11-00A0C91BC942}") = "SystemCallsTest23", "SystemCallsTest23\SystemCallsTest23.vcxproj", "{21DC0550-A348-4260-BE27-87B6972F3FCC}"
EndProject
Project("{8BC9CEB8-8B4A-11D0-8D11-00A0C91BC942}") = "SystemCallsTest24", "SystemCallsTest24\SystemCallsTest24.vcxproj", "{954AB674-00BF-43BD-A363-6ED93AD01BDF}"
EndProject
Project("{8BC9CEB8-8B4A-11D0-8D11-00A0C91BC942}") = "SystemCallsTest25", "SystemCallsTest25\SystemCallsTest25.vcxproj", "{93B40D98-A99A-4920-8550-C5197BC75389}"
EndProject
Project("{8BC9CEB8-8B4A-11D0-8D11-00A0C91BC942}") = "SystemCallsTest26", "SystemCallsTest26\SystemCallsTest26.vcxproj", "{F70219EE-F191-46DF-B0E8-9C09907A0DE6}"
EndProject
Project("{8BC9CEB8-8B4A-11D0-8D11-00A0C91BC942}") = "SystemCallsTest27", "SystemCallsTest27\SystemCallsTest27.vcxproj", "{E3CA9C9D-6DE6-4B85-B807-8EE253E36873}"
EndProject
Project("{8BC9CEB8-8B4A-11D0-8D11-00A0C91BC942}") = "SystemCallsTest28", "SystemCallsTest28\SystemCallsTest28.vcxproj", "{7722D420-C132-4979-B237-058447C2BF55}"
EndProject
Global
	GlobalSection(SolutionConfigurationPlatforms) = preSolution
		Debug|ARM64 = Debug|ARM64
		Debug|x64 = Debug|x64
		Debug|x86 = Debug|x86
		Release|ARM64 = Release|ARM64
		Release|x64 = Release|x64
		Release|x86 = Release|x86
	EndGlobalSection
	GlobalSection(ProjectConfigurationPlatforms) = postSolution
		{FAFB29EE-8163-4A96-BA5F-883120E00715}.Debug|ARM64.ActiveCfg = Debug|ARM64
		{FAFB29EE-8163-4A96-BA5F-883120E00715}.Debug|ARM64.Build.0 = Debug|ARM64
		{FAFB29EE-8163-4A96-BA5F-883120E00715}.Debug|x64.ActiveCfg = Debug|x64
		{FAFB29EE-8163-4A96-BA5F-883120E00715}.Debug|x64.Build.0 = Debug|x64
		{FAFB29EE-8163-4A96-BA5F-883120E00715}.Debug|x86.ActiveCfg = Debug|Win32
		{FAFB29EE-8163-4A96-BA5F-883120E00715}.Debug|x86.Build.0 = Debug|Win32
		{FAFB29EE-8163-4A96-BA5F-883120E00715}.Release|ARM64.ActiveCfg = Release|ARM64
		{FAFB29EE-8163-4A96-BA5F-883120E00715}.Release|ARM64.Build.0 = Release|ARM64
		{FAFB29EE-8163-4A96-BA5F-883120E00715}.Release|x64.ActiveCfg = Release|x64
		{FAFB29EE-8163-4A96-BA5F-883120E00715}.Release|x64.Build.0 = Release|x64
		{FAFB29EE-8163-4A96-BA5F-883120E00715}.Release|x86.ActiveCfg = Release|Win32
		{FAFB29EE-8163-4A96-BA5F-883120E00715}.Release|x86.Build.0 = Release|Win32
		{08143841-5938-4383-8A3E-325FF492F2AE}.Debug|ARM64.ActiveCfg = Debug|ARM64
		{08143841-5938-4383-8A3E-325FF492F2AE}.Debug|ARM64.Build.0 = Debug|ARM64
		{08143841-5938-4383-8A3E-325FF492F2AE}.Debug|x64.ActiveCfg = Debug|x64
		{08143841-5938-4383-8A3E-325FF492F2AE}.Debug|x64.Build.0 = Debug|x64
		{08143841-5938-4383-8A3E-325FF492F2AE}.Debug|x86.ActiveCfg = Debug|Win32
		{08143841-5938-4383-8A3E-325FF492F2AE}.Debug|x86.Build.0 = Debug|Win32
		{08143841-5938-4383-8A3E-325FF492F2AE}.Release|ARM64.ActiveCfg = Release|ARM64
		{08143841-5938-4383-8A3E-325FF492F2AE}.Release|ARM64.Build.0 = Release|ARM64
		{08143841-5938-4383-8A3E-325FF492F2AE}.Release|x64.ActiveCfg = Release|x64
		{08143841-5938-4383-8A3E-325FF492F2AE}.Release|x64.Build.0 = Release|x64
		{08143841-5938-4383-8A3E-325FF492F2AE}.Release|x86.ActiveCfg = Release|Win32
		{08143841-5938-4383-8A3E-325FF492F2AE}.Release|x86.Build.0 = Release|Win32
		{837F1B9F-D28B-4917-A63E-04BF74C670FD}.Debug|ARM64.ActiveCfg = Debug|ARM64
		{837F1B9F-D28B-4917-A63E-04BF74C670FD}.Debug|ARM64.Build.0 = Debug|ARM64
		{837F1B9F-D28B-4917-A63E-04BF74C670FD}.Debug|x64.ActiveCfg = Debug|x64
		{837F1B9F-D28B-4917-A63E-04BF74C670FD}.Debug|x64.Build.0 = Debug|x64
		{837F1B9F-D28B-4917-A63E-04BF74C670FD}.Debug|x86.ActiveCfg = Debug|Win32
		{837F1B9F-D28B-4917-A63E-04BF74C670FD}.Debug|x86.Build.0 = Debug|Win32
		{837F1B9F-D28B-4917-A63E-04BF74C670FD}.Release|ARM64.ActiveCfg = Release|ARM64
		{837F1B9F-D28B-4917-A63E-04BF74C670FD}.Release|ARM64.Build.0 = Release|ARM64
		{837F1B9F-D28B-4917-A63E-04BF74C670FD}.Release|x64.ActiveCfg = Release|x64
		{837F1B9F-D28B-4917-A63E-04BF74C670FD}.Release|x64.Build.0 = Release|x64
		{837F1B9F-D28B-4917-A63E-04BF74C670FD}.Release|x86.ActiveCfg = Release|Win32
		{837F1B9F-D28B-4917-A63E-04BF74C670FD}.Release|x86.Build.0 = Release|Win32
		{97B8DF96-2B60-437A-93C0-38F576FF3E58}.Debug|ARM64.ActiveCfg = Debug|ARM64
		{97B8DF96-2B60-437A-93C0-38F576FF3E58}.Debug|ARM64.Build.0 = Debug|ARM64
		{97B8DF96-2B60-437A-93C0-38F576FF3E58}.Debug|x64.ActiveCfg = Debug|x64
		{97B8DF96-2B60-437A-93C0-38F576FF3E58}.Debug|x64.Build.0 = Debug|x64
		{97B8DF96-2B60-437A-93C0-38F576FF3E58}.Debug|x86.ActiveCfg = Debug|Win32
		{97B8DF96-2B60-437A-93C0-38F576FF3E58}.Debug|x86.Build.0 = Debug|Win32
		{97B8DF96-2B60-437A-93C0-38F576FF3E58}.Release|ARM64.ActiveCfg = Release|ARM64
		{97B8DF96-2B60-437A-93C0-38F576FF3E58}.Release|ARM64.Build.0 = Release|ARM64
		{97B8DF96-2B60-437A-93C0-38F576FF3E58}.Release|x64.ActiveCfg = Release|x64
		{97B8DF96-2B60-437A-93C0-38F576FF3E58}.Release|x64.Build.0 = Release|x64
		{97B8DF96-2B60-437A-93C0-38F576FF3E58}.Release|x86.ActiveCfg = Release|Win32
		{97B8DF96-2B60-437A-93C0-38F576FF3E58}.Release|x86.Build.0 = Release|Win32
		{E5666579-B81C-40B9-9986-F157D3F9D989}.Debug|ARM64.ActiveCfg = Debug|ARM64
		{E5666579-B81C-40B9-9986-F157D3F9D989}.Debug|ARM64.Build.0 = Debug|ARM64
		{E5666579-B81C-40B9-9986-F157D3F9D989}.Debug|x64.ActiveCfg = Debug|x64
		{E5666579-B81C-40B9-9986-F157D3F9D989}.Debug|x64.Build.0 = Debug|x64
		{E5666579-B81C-40B9-9986-F157D3F9D989}.Debug|x86.ActiveCfg = Debug|Win32
		{E5666579-B81C-40B9-9986-F157D3F9D989}.Debug|x86.Build.0 = Debug|Win32
		{E5666579-B81C-40B9-9986-F157D3F9D989}.Release|ARM64.ActiveCfg = Release|ARM64
		{E5666579-B81C-40B9-9986-F157D3F9D989}.Release|ARM64.Build.0 = Release|ARM64
		{E5666579-B81C-40B9-9986-F157D3F9D989}.Release|x64.ActiveCfg = Release|x64
		{E5666579-B81C-40B9-9986-F157D3F9D989}.Release|x64.Build.0 = Release|x64
		{E5666579-B81C-40B9-9986-F157D3F9D989}.Release|x86.ActiveCfg = Release|Win32
		{E5666579-B81C-40B9-9986-F157D3F9D989}.Release|x86.Build.0 = Release|Win32
		{3A40AC4A-18BD-4F31-969C-70787024D8A2}.Debug|ARM64.ActiveCfg = Debug|ARM64
		{3A40AC4A-18BD-4F31-969C-70787024D8A2}.Debug|ARM64.Build.0 = Debug|ARM64
		{3A40AC4A-18BD-4F31-969C-70787024D8A2}.Debug|x64.ActiveCfg = Debug|x64
		{3A40AC4A-18BD-4F31-969C-70787024D8A2}.Debug|x64.Build.0 = Debug|x64
		{3A40AC4A-18BD-4F31-969C-70787024D8A2}.Debug|x86.ActiveCfg = Debug|Win32
		{3A40AC4A-18BD-4F31-969C-70787024D8A2}.Debug|x86.Build.0 = Debug|Win32
		{3A40AC4A-18BD-4F31-969C-70787024D8A2}.Release|ARM64.ActiveCfg = Release|ARM64
		{3A40AC4A-18BD-4F31-969C-70787024D8A2}.Release|ARM64.Build.0 = Release|ARM64
		{3A40AC4A-18BD-4F31-969C-70787024D8A2}.Release|x64.ActiveCfg = Release|x64
		{3A40AC4A-18BD-4F31-969C-70787024D8A2}.Release|x64.Build.0 = Release|x64
		{3A40AC4A-18BD-4F31-969C-70787024D8A2}.Release|x86.ActiveCfg = Release|Win32
		{3A40AC4A-18BD-4F31-969C-70787024D8A2}.Release|x86.Build.0 = Release|Win32
		{E1D2B402-EC74-4C8A-9BDA-0B70BA880518}.Debug|ARM64.ActiveCfg = Debug|ARM64
		{E1D2B402-EC74-4C8A-9BDA-0B70BA880518}.Debug|ARM64.Build.0 = Debug|ARM64
		{E1D2B402-EC74-4C8A-9BDA-0B70BA880518}.Debug|x64.ActiveCfg = Debug|x64
		{E1D2B402-EC74-4C8A-9BDA-0B70BA880518}.Debug|x64.Build.0 = Debug|x64
		{E1D2B402-EC74-4C8A-9BDA-0B70BA880518}.Debug|x86.ActiveCfg = Debug|Win32
		{E1D2B402-EC74-4C8A-9BDA-0B70BA880518}.Debug|x86.Build.0 = Debug|Win32
		{E1D2B402-EC74-4C8A-9BDA-0B70BA880518}.Release|ARM64.ActiveCfg = Release|ARM64
		{E1D2B402-EC74-4C8A-9BDA-0B70BA880518}.Release|ARM64.Build.0 = Release|ARM64
		{E1D2B402-EC74-4C8A-9BDA-0B70BA880518}.Release|x64.ActiveCfg = Release|x64
		{E1D2B402-EC74-4C8A-9BDA-0B70BA880518}.Release|x64.Build.0 = Release|x64
		{E1D2B402-EC74-4C8A-9BDA-0B70BA880518}.Release|x86.ActiveCfg = Release|Win32
		{E1D2B402-EC74-4C8A-9BDA-0B70BA880518}.Release|x86.Build.0 = Release|Win32
		{6A442BDD-1140-4B4B-A8A6-B4D249F6CB7E}.Debug|ARM64.ActiveCfg = Debug|ARM64
		{6A442BDD-1140-4B4B-A8A6-B4D249F6CB7E}.Debug|ARM64.Build.0 = Debug|ARM64
		{6A442BDD-1140-4B4B-A8A6-B4D249F6CB7E}.Debug|x64.ActiveCfg = Debug|x64
		{6A442BDD-1140-4B4B-A8A6-B4D249F6CB7E}.Debug|x64.Build.0 = Debug|x64
		{6A442BDD-1140-4B4B-A8A6-B4D249F6CB7E}.Debug|x86.ActiveCfg = Debug|Win32
		{6A442BDD-1140-4B4B-A8A6-B4D249F6CB7E}.Debug|x86.Build.0 = Debug|Win32
		{6A442BDD-1140-4B4B-A8A6-B4D249F6CB7E}.Release|ARM64.ActiveCfg = Release|ARM64
		{6A442BDD-1140-4B4B-A8A6-B4D249F6CB7E}.Release|ARM64.Build.0 = Release|ARM64
		{6A442BDD-1140-4B4B-A8A6-B4D249F6CB7E}.Release|x64.ActiveCfg = Release|x64
		{6A442BDD-1140-4B4B-A8A6-B4D249F6CB7E}.Release|x64.Build.0 = Release|x64
		{6A442BDD-1140-4B4B-A8A6-B4D249F6CB7E}.Release|x86.ActiveCfg = Release|Win32
		{6A442BDD-1140-4B4B-A8A6-B4D249F6CB7E}.Release|x86.Build.0 = Release|Win32
		{F3865037-62A0-4744-81E8-953D611C2609}.Debug|ARM64.ActiveCfg = Debug|ARM64
		{F3865037-62A0-4744-81E8-953D611C2609}.Debug|ARM64.Build.0 = Debug|ARM64
		{F3865037-62A0-4744-81E8-953D611C2609}.Debug|x64.ActiveCfg = Debug|x64
		{F3865037-62A0-4744-81E8-953D611C2609}.Debug|x64.Build.0 = Debug|x64
		{F3865037-62A0-4744-81E8-953D611C2609}.Debug|x86.ActiveCfg = Debug|Win32
		{F3865037-62A0-4744-81E8-953D611C2609}.Debug|x86.Build.0 = Debug|Win32
		{F3865037-62A0-4744-81E8-953D611C2609}.Release|ARM64.ActiveCfg = Release|ARM64
		{F3865037-62A0-4744-81E8-953D611C2609}.Release|ARM64.Build.0 = Release|ARM64
		{F3865037-62A0-4744-81E8-953D611C2609}.Release|x64.ActiveCfg = Release|x64
		{F3865037-62A0-4744-81E8-953D611C2609}.Release|x64.Build.0 = Release|x64
		{F3865037-62A0-4744-81E8-953D611C2609}.Release|x86.ActiveCfg = Release|Win32
		{F3865037-62A0-4744-81E8-953D611C2609}.Release|x86.Build.0 = Release|Win32
		{A9C1019A-3B3E-4D96-87F7-7CCB4B6FDF97}.Debug|ARM64.ActiveCfg = Debug|ARM64
		{A9C1019A-3B3E-4D96-87F7-7CCB4B6FDF97}.Debug|ARM64.Build.0 = Debug|ARM64
		{A9C1019A-3B3E-4D96-87F7-7CCB4B6FDF97}.Debug|x64.ActiveCfg = Debug|x64
		{A9C1019A-3B3E-4D96-87F7-7CCB4B6FDF97}.Debug|x64.Build.0 = Debug|x64
		{A9C1019A-3B3E-4D96-87F7-7CCB4B6FDF97}.Debug|x86.ActiveCfg = Debug|Win32
		{A9C1019A-3B3E-4D96-87F7-7CCB4B6FDF97}.Debug|x86.Build.0 = Debug|Win32
		{A9C1019A-3B3E-4D96-87F7-7CCB4B6FDF97}.Release|ARM64.ActiveCfg = Release|ARM64
		{A9C1019A-3B3E-4D96-87F7-7CCB4B6FDF97}.Release|ARM64.Build.0 = Release|ARM64
		{A9C1019A-3B3E-4D96-87F7-7CCB4B6FDF97}.Release|x64.ActiveCfg = Release|x64
		{A9C1019A-3B3E-4D96-87F7-7CCB4B6FDF97}.Release|x64.Build.0 = Release|x64
		{A9C1019A-3B3E-4D96-87F7-7CCB4B6FDF97}.Release|x86.ActiveCfg = Release|Win32
		{A9C1019A-3B3E-4D96-87F7-7CCB4B6FDF97}.Release|x86.Build.0 = Release|Win32
		{F4167B9E-E3F9-4CB2-AAA5-BC84D9F7D7CA}.Debug|ARM64.ActiveCfg = Debug|ARM64
		{F4167B9E-E3F9-4CB2-AAA5-BC84D9F7D7CA}.Debug|ARM64.Build.0 = Debug|ARM64
		{F4167B9E-E3F9-4CB2-AAA5-BC84D9F7D7CA}.Debug|x64.ActiveCfg = Debug|x64
		{F4167B9E-E3F9-4CB2-AAA5-BC84D9F7D7CA}.Debug|x64.Build.0 = Debug|x64
		{F4167B9E-E3F9-4CB2-AAA5-BC84D9F7D7CA}.Debug|x86.ActiveCfg = Debug|Win32
		{F4167B9E-E3F9-4CB2-AAA5-BC84D9F7D7CA}.Debug|x86.Build.0 = Debug|Win32
		{F4167B9E-E3F9-4CB2-AAA5-BC84D9F7D7CA}.Release|ARM64.ActiveCfg = Release|ARM64
		{F4167B9E-E3F9-4CB2-AAA5-BC84D9F7D7CA}.Release|ARM64.Build.0 = Release|ARM64
		{F4167B9E-E3F9-4CB2-AAA5-BC84D9F7D7CA}.Release|x64.ActiveCfg = Release|x64
		{F4167B9E-E3F9-4CB2-AAA5-BC84D9F7D7CA}.Release|x64.Build.0 = Release|x64
		{F4167B9E-E3F9-4CB2-AAA5-BC84D9F7D7CA}.Release|x86.ActiveCfg = Release|Win32
		{F4167B9E-E3F9-4CB2-AAA5-BC84D9F7D7CA}.Release|x86.Build.0 = Release|Win32
		{A5284A94-94ED-45EA-88E1-8FD9761D396C}.Debug|ARM64.ActiveCfg = Debug|ARM64
		{A5284A94-94ED-45EA-88E1-8FD9761D396C}.Debug|ARM64.Build.0 = Debug|ARM64
		{A5284A94-94ED-45EA-88E1-8FD9761D396C}.Debug|x64.ActiveCfg = Debug|x64
		{A5284A94-94ED-45EA-88E1-8FD9761D396C}.Debug|x64.Build.0 = Debug|x64
		{A5284A94-94ED-45EA-88E1-8FD9761D396C}.Debug|x86.ActiveCfg = Debug|Win32
		{A5284A94-94ED-45EA-88E1-8FD9761D396C}.Debug|x86.Build.0 = Debug|Win32
		{A5284A94-94ED-45EA-88E1-8FD9761D396C}.Release|ARM64.ActiveCfg = Release|ARM64
		{A5284A94-94ED-45EA-88E1-8FD9761D396C}.Release|ARM64.Build.0 = Release|ARM64
		{A5284A94-94ED-45EA-88E1-8FD9761D396C}.Release|x64.ActiveCfg = Release|x64
		{A5284A94-94ED-45EA-88E1-8FD9761D396C}.Release|x64.Build.0 = Release|x64
		{A5284A94-94ED-45EA-88E1-8FD9761D396C}.Release|x86.ActiveCfg = Release|Win32
		{A5284A94-94ED-45EA-88E1-8FD9761D396C}.Release|x86.Build.0 = Release|Win32
		{E41ED64F-78FC-429C-86FC-0F01AE4DB9CC}.Debug|ARM64.ActiveCfg = Debug|ARM64
		{E41ED64F-78FC-429C-86FC-0F01AE4DB9CC}.Debug|ARM64.Build.0 = Debug|ARM64
		{E41ED64F-78FC-429C-86FC-0F01AE4DB9CC}.Debug|x64.ActiveCfg = Debug|x64
		{E41ED64F-78FC-429C-86FC-0F01AE4DB9CC}.Debug|x64.Build.0 = Debug|x64
		{E41ED64F-78FC-429C-86FC-0F01AE4DB9CC}.Debug|x86.ActiveCfg = Debug|Win32
		{E41ED64F-78FC-429C-86FC-0F01AE4DB9CC}.Debug|x86.Build.0 = Debug|Win32
		{E41ED64F-78FC-429C-86FC-0F01AE4DB9CC}.Release|ARM64.ActiveCfg = Release|ARM64
		{E41ED64F-78FC-429C-86FC-0F01AE4DB9CC}.Release|ARM64.Build.0 = Release|ARM64
		{E41ED64F-78FC-429C-86FC-0F01AE4DB9CC}.Release|x64.ActiveCfg = Release|x64
		{E41ED64F-78FC-429C-86FC-0F01AE4DB9CC}.Release|x64.Build.0 = Release|x64
		{E41ED64F-78FC-429C-86FC-0F01AE4DB9CC}.Release|x86.ActiveCfg = Release|Win32
		{E41ED64F-78FC-429C-86FC-0F01AE4DB9CC}.Release|x86.Build.0 = Release|Win32
		{8BC1F8AA-10D3-4D76-8703-69A4CBC77E73}.Debug|ARM64.ActiveCfg = Debug|ARM64
		{8BC1F8AA-10D3-4D76-8703-69A4CBC77E73}.Debug|ARM64.Build.0 = Debug|ARM64
		{8BC1F8AA-10D3-4D76-8703-69A4CBC77E73}.Debug|x64.ActiveCfg = Debug|x64
		{8BC1F8AA-10D3-4D76-8703-69A4CBC77E73}.Debug|x64.Build.0 = Debug|x64
		{8BC1F8AA-10D3-4D76-8703-69A4CBC77E73}.Debug|x86.ActiveCfg = Debug|Win32
		{8BC1F8AA-10D3-4D76-8703-69A4CBC77E73}.Debug|x86.Build.0 = Debug|Win32
		{8BC1F8AA-10D3-4D76-8703-69A4CBC77E73}.Release|ARM64.ActiveCfg = Release|ARM64
		{8BC1F8AA-10D3-4D76-8703-69A4CBC77E73}.Release|ARM64.Build.0 = Release|ARM64
		{8BC1F8AA-10D3-4D76-8703-69A4CBC77E73}.Release|x64.ActiveCfg = Release|x64
		{8BC1F8AA-10D3-4D76-8703-69A4CBC77E73}.Release|x64.Build.0 = Release|x64
		{8BC1F8AA-10D3-4D76-8703-69A4CBC77E73}.Release|x86.ActiveCfg = Release|Win32
		{8BC1F8AA-10D3-4D76-8703-69A4CBC77E73}.Release|x86.Build.0 = Release|Win32
		{D0766578-7620-4902-8F1E-12FC0932482C}.Debug|ARM64.ActiveCfg = Debug|ARM64
		{D0766578-7620-4902-8F1E-12FC0932482C}.Debug|ARM64.Build.0 = Debug|ARM64
		{D0766578-7620-4902-8F1E-12FC0932482C}.Debug|x64.ActiveCfg = Debug|x64
		{D0766578-7620-4902-8F1E-12FC0932482C}.Debug|x64.Build.0 = Debug|x64
		{D0766578-7620-4902-8F1E-12FC0932482C}.Debug|x86.ActiveCfg = Debug|Win32
		{D0766578-7620-4902-8F1E-12FC0932482C}.Debug|x86.Build.0 = Debug|Win32
		{D0766578-7620-4902-8F1E-12FC0932482C}.Release|ARM64.ActiveCfg = Release|ARM64
		{D0766578-7620-4902-8F1E-12FC0932482C}.Release|ARM64.Build.0 = Release|ARM64
		{D0766578-7620-4902-8F1E-12FC0932482C}.Release|x64.ActiveCfg = Release|x64
		{D0766578-7620-4902-8F1E-12FC0932482C}.Release|x64.Build.0 = Release|x64
		{D0766578-7620-4902-8F1E-12FC0932482C}.Release|x86.ActiveCfg = Release|Win32
		{D0766578-7620-4902-8F1E-12FC0932482C}.Release|x86.Build.0 = Release|Win32
		{7FE29296-6165-4668-B9C9-987E69A8B70A}.Debug|ARM64.ActiveCfg = Debug|ARM64
		{7FE29296-6165-4668-B9C9-987E69A8B70A}.Debug|ARM64.Build.0 = Debug|ARM64
		{7FE29296-6165-4668-B9C9-987E69A8B70A}.Debug|x64.ActiveCfg = Debug|x64
		{7FE29296-6165-4668-B9C9-987E69A8B70A}.Debug|x64.Build.0 = Debug|x64
		{7FE29296-6165-4668-B9C9-987E69A8B70A}.Debug|x86.ActiveCfg = Debug|Win32
		{7FE29296-6165-4668-B9C9-987E69A8B70A}.Debug|x86.Build.0 = Debug|Win32
		{7FE29296-6165-4668-B9C9-987E69A8B70A}.Release|ARM64.ActiveCfg = Release|ARM64
		{7FE29296-6165-4668-B9C9-987E69A8B70A}.Release|ARM64.Build.0 = Release|ARM64
		{7FE29296-6165-4668-B9C9-987E69A8B70A}.Release|x64.ActiveCfg = Release|x64
		{7FE29296-6165-4668-B9C9-987E69A8B70A}.Release|x64.Build.0 = Release|x64
		{7FE29296-6165-4668-B9C9-987E69A8B70A}.Release|x86.ActiveCfg = Release|Win32
		{7FE29296-6165-4668-B9C9-987E69A8B70A}.Release|x86.Build.0 = Release|Win32
		{BDB3F30C-6C06-4AFB-BDB9-2BECB305B665}.Debug|ARM64.ActiveCfg = Debug|ARM64
		{BDB3F30C-6C06-4AFB-BDB9-2BECB305B665}.Debug|ARM64.Build.0 = Debug|ARM64
		{BDB3F30C-6C06-4AFB-BDB9-2BECB305B665}.Debug|x64.ActiveCfg = Debug|x64
		{BDB3F30C-6C06-4AFB-BDB9-2BECB305B665}.Debug|x64.Build.0 = Debug|x64
		{BDB3F30C-6C06-4AFB-BDB9-2BECB305B665}.Debug|x86.ActiveCfg = Debug|Win32
		{BDB3F30C-6C06-4AFB-BDB9-2BECB305B665}.Debug|x86.Build.0 = Debug|Win32
		{BDB3F30C-6C06-4AFB-BDB9-2BECB305B665}.Release|ARM64.ActiveCfg = Release|ARM64
		{BDB3F30C-6C06-4AFB-BDB9-2BECB305B665}.Release|ARM64.Build.0 = Release|ARM64
		{BDB3F30C-6C06-4AFB-BDB9-2BECB305B665}.Release|x64.ActiveCfg = Release|x64
		{BDB3F30C-6C06-4AFB-BDB9-2BECB305B665}.Release|x64.Build.0 = Release|x64
		{BDB3F30C-6C06-4AFB-BDB9-2BECB305B665}.Release|x86.ActiveCfg = Release|Win32
		{BDB3F30C-6C06-4AFB-BDB9-2BECB305B665}.Release|x86.Build.0 = Release|Win32
		{E3F134B7-8284-49CF-BC56-E0C443E05C54}.Debug|ARM64.ActiveCfg = Debug|ARM64
		{E3F134B7-8284-49CF-BC56-E0C443E05C54}.Debug|ARM64.Build.0 = Debug|ARM64
		{E3F134B7-8284-49CF-BC56-E0C443E05C54}.Debug|x64.ActiveCfg = Debug|x64
		{E3F134B7-8284-49CF-BC56-E0C443E05C54}.Debug|x64.Build.0 = Debug|x64
		{E3F134B7-8284-49CF-BC56-E0C443E05C54}.Debug|x86.ActiveCfg = Debug|Win32
		{E3F134B7-8284-49CF-BC56-E0C443E05C54}.Debug|x86.Build.0 = Debug|Win32
		{E3F134B7-8284-49CF-BC56-E0C443E05C54}.Release|ARM64.ActiveCfg = Release|ARM64
		{E3F134B7-8284-49CF-BC56-E0C443E05C54}.Release|ARM64.Build.0 = Release|ARM64
		{E3F134B7-8284-49CF-BC56-E0C443E05C54}.Release|x64.ActiveCfg = Release|x64
		{E3F134B7-8284-49CF-BC56-E0C443E05C54}.Release|x64.Build.0 = Release|x64
		{E3F134B7-8284-49CF-BC56-E0C443E05C54}.Release|x86.ActiveCfg = Release|Win32
		{E3F134B7-8284-49CF-BC56-E0C443E05C54}.Release|x86.Build.0 = Release|Win32
		{3E2CCF34-8FEA-45DC-8D57-F8BA0B5701A9}.Debug|ARM64.ActiveCfg = Debug|ARM64
		{3E2CCF34-8FEA-45DC-8D57-F8BA0B5701A9}.Debug|ARM64.Build.0 = Debug|ARM64
		{3E2CCF34-8FEA-45DC-8D57-F8BA0B5701A9}.Debug|x64.ActiveCfg = Debug|x64
		{3E2CCF34-8FEA-45DC-8D57-F8BA0B5701A9}.Debug|x64.Build.0 = Debug|x64
		{3E2CCF34-8FEA-45DC-8D57-F8BA0B5701A9}.Debug|x86.ActiveCfg = Debug|Win32
		{3E2CCF34-8FEA-45DC-8D57-F8BA0B5701A9}.Debug|x86.Build.0 = Debug|Win32
		{3E2CCF34-8FEA-45DC-8D57-F8BA0B5701A9}.Release|ARM64.ActiveCfg = Release|ARM64
		{3E2CCF34-8FEA-45DC-8D57-F8BA0B5701A9}.Release|ARM64.Build.0 = Release|ARM64
		{3E2CCF34-8FEA-45DC-8D57-F8BA0B5701A9}.Release|x64.ActiveCfg = Release|x64
		{3E2CCF34-8FEA-45DC-8D57-F8BA0B5701A9}.Release|x64.Build.0 = Release|x64
		{3E2CCF34-8FEA-45DC-8D57-F8BA0B5701A9}.Release|x86.ActiveCfg = Release|Win32
		{3E2CCF34-8FEA-45DC-8D57-F8BA0B5701A9}.Release|x86.Build.0 = Release|Win32
		{C435E062-2361-495C-A665-E56D534DE283}.Debug|ARM64.ActiveCfg = Debug|ARM64
		{C435E062-2361-495C-A665-E56D534DE283}.Debug|ARM64.Build.0 = Debug|ARM64
		{C435E062-2361-495C-A665-E56D534DE283}.Debug|x64.ActiveCfg = Debug|x64
		{C435E062-2361-495C-A665-E56D534DE283}.Debug|x64.Build.0 = Debug|x64
		{C435E062-2361-495C-A665-E56D534DE283}.Debug|x86.ActiveCfg = Debug|Win32
		{C435E062-2361-495C-A665-E56D534DE283}.Debug|x86.Build.0 = Debug|Win32
		{C435E062-2361-495C-A665-E56D534DE283}.Release|ARM64.ActiveCfg = Release|ARM64
		{C435E062-2361-495C-A665-E56D534DE283}.Release|ARM64.Build.0 = Release|ARM64
		{C435E062-2361-495C-A665-E56D534DE283}.Release|x64.ActiveCfg = Release|x64
		{C435E062-2361-495C-A665-E56D534DE283}.Release|x64.Build.0 = Release|x64
		{C435E062-2361-495C-A665-E56D534DE283}.Release|x86.ActiveCfg = Release|Win32
		{C435E062-2361-495C-A665-E56D534DE283}.Release|x86.Build.0 = Release|Win32
		{175615AE-A0E8-4EE4-9608-083404B01C46}.Debug|ARM64.ActiveCfg = Debug|ARM64
		{175615AE-A0E8-4EE4-9608-083404B01C46}.Debug|ARM64.Build.0 = Debug|ARM64
		{175615AE-A0E8-4EE4-9608-083404B01C46}.Debug|x64.ActiveCfg = Debug|x64
		{175615AE-A0E8-4EE4-9608-083404B01C46}.Debug|x64.Build.0 = Debug|x64
		{175615AE-A0E8-4EE4-9608-083404B01C46}.Debug|x86.ActiveCfg = Debug|Win32
		{175615AE-A0E8-4EE4-9608-083404B01C46}.Debug|x86.Build.0 = Debug|Win32
		{175615AE-A0E8-4EE4-9608-083404B01C46}.Release|ARM64.ActiveCfg = Release|ARM64
		{175615AE-A0E8-4EE4-9608-083404B01C46}.Release|ARM64.Build.0 = Release|ARM64
		{175615AE-A0E8-4EE4-9608-083404B01C46}.Release|x64.ActiveCfg = Release|x64
		{175615AE-A0E8-4EE4-9608-083404B01C46}.Release|x64.Build.0 = Release|x64
		{175615AE-A0E8-4EE4-9608-083404B01C46}.Release|x86.ActiveCfg = Release|Win32
		{175615AE-A0E8-4EE4-9608-083404B01C46}.Release|x86.Build.0 = Release|Win32
		{0FA6A694-360D-42BB-97C0-C21CC7237341}.Debug|ARM64.ActiveCfg = Debug|ARM64
		{0FA6A694-360D-42BB-97C0-C21CC7237341}.Debug|ARM64.Build.0 = Debug|ARM64
		{0FA6A694-360D-42BB-97C0-C21CC7237341}.Debug|x64.ActiveCfg = Debug|x64
		{0FA6A694-360D-42BB-97C0-C21CC7237341}.Debug|x64.Build.0 = Debug|x64
		{0FA6A694-360D-42BB-97C0-C21CC7237341}.Debug|x86.ActiveCfg = Debug|Win32
		{0FA6A694-360D-42BB-97C0-C21CC7237341}.Debug|x86.Build.0 = Debug|Win32
		{0FA6A694-360D-42BB-97C0-C21CC7237341}.Release|ARM64.ActiveCfg = Release|ARM64
		{0FA6A694-360D-42BB-97C0-C21CC7237341}.Release|ARM64.Build.0 = Release|ARM64
		{0FA6A694-360D-42BB-97C0-C21CC7237341}.Release|x64.ActiveCfg = Release|x64
		{0FA6A694-360D-42BB-97C0-C21CC7237341}.Release|x64.Build.0 = Release|x64
		{0FA6A694-360D-42BB-97C0-C21CC7237341}.Release|x86.ActiveCfg = Release|Win32
		{0FA6A694-360D-42BB-97C0-C21CC7237341}.Release|x86.Build.0 = Release|Win32
		{E49F14FF-9DFB-423E-86E0-06D9B1973188}.Debug|ARM64.ActiveCfg = Debug|ARM64
		{E49F14FF-9DFB-423E-86E0-06D9B1973188}.Debug|ARM64.Build.0 = Debug|ARM64
		{E49F14FF-9DFB-423E-86E0-06D9B1973188}.Debug|x64.ActiveCfg = Debug|x64
		{E49F14FF-9DFB-423E-86E0-06D9B1973188}.Debug|x64.Build.0 = Debug|x64
		{E49F14FF-9DFB-423E-86E0-06D9B1973188}.Debug|x86.ActiveCfg = Debug|Win32
		{E49F14FF-9DFB-423E-86E0-06D9B1973188}.Debug|x86.Build.0 = Debug|Win32
		{E49F14FF-9DFB-423E-86E0-06D9B1973188}.Release|ARM64.ActiveCfg = Release|ARM64
		{E49F14FF-9DFB-423E-86E0-06D9B1973188}.Release|ARM64.Build.0 = Release|ARM64
		{E49F14FF-9DFB-423E-86E0-06D9B1973188}.Release|x64.ActiveCfg = Release|x64
		{E49F14FF-9DFB-423E-86E0-06D9B1973188}.Release|x64.Build.0 = Release|x64
		{E49F14FF-9DFB-423E-86E0-06D9B1973188}.Release|x86.ActiveCfg = Release|Win32
		{E49F14FF-9DFB-423E-86E0-06D9B1973188}.Release|x86.Build.0 = Release|Win32
		{C217ACD7-A731-4B58-99C0-3CA844819124}.Debug|ARM64.ActiveCfg = Debug|ARM64
		{C217ACD7-A731-4B58-99C0-3CA844819124}.Debug|ARM64.Build.0 = Debug|ARM64
		{C217ACD7-A731-4B58-99C0-3CA844819124}.Debug|x64.ActiveCfg = Debug|x64
		{C217ACD7-A731-4B58-99C0-3CA844819124}.Debug|x64.Build.0 = Debug|x64
		{C217ACD7-A731-4B58-99C0-3CA844819124}.Debug|x86.ActiveCfg = Debug|Win32
		{C217ACD7-A731-4B58-99C0-3CA844819124}.Debug|x86.Build.0 = Debug|Win32
		{C217ACD7-A731-4B58-99C0-3CA844819124}.Release|ARM64.ActiveCfg = Release|ARM64
		{C217ACD7-A731-4B58-99C0-3CA844819124}.Release|ARM64.Build.0 = Release|ARM64
		{C217ACD7-A731-4B58-99C0-3CA844819124}.Release|x64.ActiveCfg = Release|x64
		{C217ACD7-A731-4B58-99C0-3CA844819124}.Release|x64.Build.0 = Release|x64
		{C217ACD7-A731-4B58-99C0-3CA844819124}.Release|x86.ActiveCfg = Release|Win32
		{C217ACD7-A731-4B58-99C0-3CA844819124}.Release|x86.Build.0 = Release|Win32
		{6D078722-A429-439C-A6F0-5A76A497B261}.Debug|ARM64.ActiveCfg = Debug|ARM64
		{6D078722-A429-439C-A6F0-5A76A497B261}.Debug|ARM64.Build.0 = Debug|ARM64
		{6D078722-A429-439C-A6F0-5A76A497B261}.Debug|x64.ActiveCfg = Debug|x64
		{6D078722-A429-439C-A6F0-5A76A497B261}.Debug|x64.Build.0 = Debug|x64
		{6D078722-A429-439C-A6F0-5A76A497B261}.Debug|x86.ActiveCfg = Debug|Win32
		{6D078722-A429-439C-A6F0-5A76A497B261}.Debug|x86.Build.0 = Debug|Win32
		{6D078722-A429-439C-A6F0-5A76A497B261}.Release|ARM64.ActiveCfg = Release|ARM64
		{6D078722-A429-439C-A6F0-5A76A497B261}.Release|ARM64.Build.0 = Release|ARM64
		{6D078722-A429-439C-A6F0-5A76A497B261}.Release|x64.ActiveCfg = Release|x64
		{6D078722-A429-439C-A6F0-5A76A497B261}.Release|x64.Build.0 = Release|x64
		{6D078722-A429-439C-A6F0-5A76A497B261}.Release|x86.ActiveCfg = Release|Win32
		{6D078722-A429-439C-A6F0-5A76A497B261}.Release|x86.Build.0 = Release|Win32
		{21DC0550-A348-4260-BE27-87B6972F3FCC}.Debug|ARM64.ActiveCfg = Debug|ARM64
		{21DC0550-A348-4260-BE27-87B6972F3FCC}.Debug|ARM64.Build.0 = Debug|ARM64
		{21DC0550-A348-4260-BE27-87B6972F3FCC}.Debug|x64.ActiveCfg = Debug|x64
		{21DC0550-A348-4260-BE27-87B6972F3FCC}.Debug|x64.Build.0 = Debug|x64
		{21DC0550-A348-4260-BE27-87B6972F3FCC}.Debug|x86.ActiveCfg = Debug|Win32
		{21DC0550-A348-4260-BE27-87B6972F3FCC}.Debug|x86.Build.0 = Debug|Win32
		{21DC0550-A348-4260-BE27-87B6972F3FCC}.Release|ARM64.ActiveCfg = Release|ARM64
		{21DC0550-A348-4260-BE27-87B6972F3FCC}.Release|ARM64.Build.0 = Release|ARM64
		{21DC0550-A348-4260-BE27-87B6972F3FCC}.Release|x64.ActiveCfg = Release|x64
		{21DC0550-A348-4260-BE27-87B6972F3FCC}.Release|x64.Build.0 = Release|x64
		{21DC0550-A348-4260-BE27-87B6972F3FCC}.Release|x86.ActiveCfg = Release|Win32
		{21DC0550-A348-4260-BE27-87B6972F3FCC}.Release|x86.Build.0 = Release|Win32
		{954AB674-00BF-43BD-A363-6ED93AD01BDF}.Debug|ARM64.ActiveCfg = Debug|ARM64
		{954AB674-00BF-43BD-A363-6ED93AD01BDF}.Debug|ARM64.Build.0 = Debug|ARM64
		{954AB674-00BF-43BD-A363-6ED93AD01BDF}.Debug|x64.ActiveCfg = Debug|x64
		{954AB674-00BF-43BD-A363-6ED93AD01BDF}.Debug|x64.Build.0 = Debug|x64
		{954AB674-00BF-43BD-A363-6ED93AD01BDF}.Debug|x86.ActiveCfg = Debug|Win32
		{954AB674-00BF-43BD-A363-6ED93AD01BDF}.Debug|x86.Build.0 = Debug|Win32
		{954AB674-00BF-43BD-A363-6ED93AD01BDF}.Release|ARM64.ActiveCfg = Release|ARM64
		{954AB674-00BF-43BD-A363-6ED93AD01BDF}.Release|ARM64.Build.0 = Release|ARM64
		{954AB674-00BF-43BD-A363-6ED93AD01BDF}.Release|x64.ActiveCfg = Release|x64
		{954AB674-00BF-43BD-A363-6ED93AD01BDF}.Release|x64.Build.0 = Release|x64
		{954AB674-00BF-43BD-A363-6ED93AD01BDF}.Release|x86.ActiveCfg = Release|Win32
		{954AB674-00BF-43BD-A363-6ED93AD01BDF}.Release|x86.Build.0 = Release|Win32
		{93B40D98-A99A-4920-8550-C5197BC75389}.Debug|ARM64.ActiveCfg = Debug|ARM64
		{93B40D98-A99A-4920-8550-C5197BC75389}.Debug|ARM64.Build.0 = Debug|ARM64
		{93B40D98-A99A-4920-8550-C5197BC75389}.Debug|x64.ActiveCfg = Debug|x64
		{93B40D98-A99A-4920-8550-C5197BC75389}.Debug|x64.Build.0 = Debug|x64
		{93B40D98-A99A-4920-8550-C5197BC75389}.Debug|x86.ActiveCfg = Debug|Win32
		{93B40D98-A99A-4920-8550-C5197BC75389}.Debug|x86.Build.0 = Debug|Win32
		{93B40D98-A99A-4920-8550-C5197BC75389}.Release|ARM64.ActiveCfg = Release|ARM64
		{93B40D98-A99A-4920-8550-C5197BC75389}.Release|ARM64.Build.0 = Release|ARM64
		{93B40D98-A99A-4920-8550-C5197BC75389}.Release|x64.ActiveCfg = Release|x64
		{93B40D98-A99A-4920-8550-C5197BC75389}.Release|x64.Build.0 = Release|x64
		{93B40D98-A99A-4920-8550-C5197BC75389}.Release|x86.ActiveCfg = Release|Win32
		{93B40D98-A99A-4920-8550-C5197BC75389}.Release|x86.Build.0 = Release|Win32
		{F70219EE-F191-46DF-B0E8-9C09907A0DE6}.Debug|ARM64.ActiveCfg = Debug|ARM64
		{F70219EE-F191-46DF-B0E8-9C09907A0DE6}.Debug|ARM64.Build.0 = Debug|ARM64
		{F70219EE-F191-46DF-B0E8-9C09907A0DE6}.Debug|x64.ActiveCfg = Debug|x64
		{F70219EE-F191-46DF-B0E8-9C09907A0DE6}.Debug|x64.Build.0 = Debug|x64
		{F70219EE-F191-46DF-B0E8-9C09907A0DE6}.Debug|x86.ActiveCfg = Debug|Win32
		{F70219EE-F191-46DF-B0E8-9C09907A0DE6}.Debug|x86.Build.0 = Debug|Win32
		{F70219EE-F191-46DF-B0E8-9C09907A0DE6}.Release|ARM64.ActiveCfg = Release|ARM64
		{F70219EE-F191-46DF-B0E8-9C09907A0DE6}.Release|ARM64.Build.0 = Release|ARM64
		{F70219EE-F191-46DF-B0E8-9C09907A0DE6}.Release|x64.ActiveCfg = Release|x64
		{F70219EE-F191-46DF-B0E8-9C09907A0DE6}.Release|x64.Build.0 = Release|x64
		{F70219EE-F191-46DF-B0E8-9C09907A0DE6}.Release|x86.ActiveCfg = Release|Win32
		{F70219EE-F191-46DF-B0E8-9C09907A0DE6}.Release|x86.Build.0 = Release|Win32
		{E3CA9C9D-6DE6-4B85-B807-8EE253E36873}.Debug|ARM64.ActiveCfg = Debug|ARM64
		{E3CA9C9D-6DE6-4B85-B807-8EE253E36873}.Debug|ARM64.Build.0 = Debug|ARM64
		{E3CA9C9D-6DE6-4B85-B807-8EE253E36873}.Debug|x64.ActiveCfg = Debug|x64
		{E3CA9C9D-6DE6-4B85-B807-8EE253E36873}.Debug|x64.Build.0 = Debug|x64
		{E3CA9C9D-6DE6-4B85-B807-8EE253E36873}.Debug|x86.ActiveCfg = Debug|Win32
		{E3CA9C9D-6DE6-4B85-B807-8EE253E36873}.Debug|x86.Build.0 = Debug|Win32
		{E3CA9C9D-6DE6-4B85-B807-8EE253E36873}.Release|ARM64.ActiveCfg = Release|ARM64
		{E3CA9C9D-6DE6-4B85-B807-8EE253E36873}.Release|ARM64.Build.0 = Release|ARM64
		{E3CA9C9D-6DE6-4B85-B807-8EE253E36873}.Release|x64.ActiveCfg = Release|x64
		{E3CA9C9D-6DE6-4B85-B807-8EE253E36873}.Release|x64.Build.0 = Release|x64
		{E3CA9C9D-6DE6-4B85-B807-8EE253E36873}.Release|x86.ActiveCfg = Release|Win32
		{E3CA9C9D-6DE6-4B85-B807-8EE253E36873}.Release|x86.Build.0 = Release|Win32
		{7722D420-C132-4979-B237-058447C2BF55}.Debug|ARM64.ActiveCfg = Debug|ARM64
		{7722D420-C132-4979-B237-058447C2BF55}.Debug|ARM64.Build.0 = Debug|ARM64
		{7722D420-C132-4979-B237-058447C2BF55}.Debug|x64.ActiveCfg = Debug|x64
		{7722D420-C132-4979-B237-058447C2BF55}.Debug|x64.Build.0 = Debug|x64
		{7722D420-C132-4979-B237-058447C2BF55}.Debug|x86.ActiveCfg = Debug|Win32
		{7722D420-C132-4979-B237-058447C2BF55}.Debug|x86.Build.0 = Debug|Win32
		{7722D420-C132-4979-B237-058447C2BF55}.Release|ARM64.ActiveCfg = Release|ARM64
		{7722D420-C132-4979-B237-058447C2BF55}.Release|ARM64.Build.0 = Release|ARM64
		{7722D420-C132-4979-B237-058447C2BF55}.Release|x64.ActiveCfg = Release|x64
		{7722D420-C132-4979-B237-058447C2BF55}.Release|x64.Build.0 = Release|x64
		{7722D420-C132-4979-B237-058447C2BF55}.Release|x86.ActiveCfg = Release|Win32
		{7722D420-C132-4979-B237-058447C2BF55}.Release|x86.Build.0 = Release|Win32
	EndGlobalSection
	GlobalSection(SolutionProperties) = preSolution
		HideSolutionNode = FALSE
	EndGlobalSection
	GlobalSection(ExtensibilityGlobals) = postSolution
		SolutionGuid = {0B2DFF4C-0DAC-4B0B-8A8A-7744AFBE49CB}
	EndGlobalSection
EndGlobal
