
Microsoft Visual Studio Solution File, Format Version 12.00
# Visual Studio Version 17
VisualStudioVersion = 17.11.35208.52
MinimumVisualStudioVersion = 10.0.40219.1
Project("{8BC9CEB8-8B4A-11D0-8D11-00A0C91BC942}") = "SchedulerTest00", "SchedulerTest00\SchedulerTest00.vcxproj", "{4F10594A-A37F-4B06-8053-7E142CE536B5}"
	ProjectSection(ProjectDependencies) = postProject
		{9C3A6259-D35E-453A-9A17-62B44C793A76} = {9C3A6259-D35E-453A-9A17-62B44C793A76}
		{A35E905E-C6A4-416D-9217-02C0456E5CDD} = {A35E905E-C6A4-416D-9217-02C0456E5CDD}
	EndProjectSection
EndProject
Project("{8BC9CEB8-8B4A-11D0-8D11-00A0C91BC942}") = "SchedulerTestCommon", "SchedulerTestCommon\SchedulerTestCommon.vcxproj", "{A35E905E-C6A4-416D-9217-02C0456E5CDD}"
	ProjectSection(ProjectDependencies) = postProject
		{9C3A6259-D35E-453A-9A17-62B44C793A76} = {9C3A6259-D35E-453A-9A17-62B44C793A76}
	EndProjectSection
EndProject
Project("{8BC9CEB8-8B4A-11D0-8D11-00A0C91BC942}") = "Scheduler", "Scheduler.vcxproj", "{9C3A6259-D35E-453A-9A17-62B44C793A76}"
EndProject
Project("{8BC9CEB8-8B4A-11D0-8D11-00A0C91BC942}") = "SchedulerTest02", "SchedulerTest02\SchedulerTest02.vcxproj", "{17B2DF3B-7A83-4163-99EC-F51B5A3573BF}"
	ProjectSection(ProjectDependencies) = postProject
		{9C3A6259-D35E-453A-9A17-62B44C793A76} = {9C3A6259-D35E-453A-9A17-62B44C793A76}
		{A35E905E-C6A4-416D-9217-02C0456E5CDD} = {A35E905E-C6A4-416D-9217-02C0456E5CDD}
	EndProjectSection
EndProject
Project("{8BC9CEB8-8B4A-11D0-8D11-00A0C91BC942}") = "SchedulerTest03", "SchedulerTest03\SchedulerTest03.vcxproj", "{0859899C-ACED-4C7B-B718-AA4A55E6C330}"
	ProjectSection(ProjectDependencies) = postProject
		{9C3A6259-D35E-453A-9A17-62B44C793A76} = {9C3A6259-D35E-453A-9A17-62B44C793A76}
		{A35E905E-C6A4-416D-9217-02C0456E5CDD} = {A35E905E-C6A4-416D-9217-02C0456E5CDD}
	EndProjectSection
EndProject
Project("{8BC9CEB8-8B4A-11D0-8D11-00A0C91BC942}") = "SchedulerTest04", "SchedulerTest04\SchedulerTest04.vcxproj", "{5C9BB95F-9C1A-460A-AD21-342AEE6D109A}"
	ProjectSection(ProjectDependencies) = postProject
		{9C3A6259-D35E-453A-9A17-62B44C793A76} = {9C3A6259-D35E-453A-9A17-62B44C793A76}
		{A35E905E-C6A4-416D-9217-02C0456E5CDD} = {A35E905E-C6A4-416D-9217-02C0456E5CDD}
	EndProjectSection
EndProject
Project("{8BC9CEB8-8B4A-11D0-8D11-00A0C91BC942}") = "SchedulerTest05", "SchedulerTest05\SchedulerTest05.vcxproj", "{272489DC-EB94-4CA1-9173-72AE9E44EF43}"
	ProjectSection(ProjectDependencies) = postProject
		{9C3A6259-D35E-453A-9A17-62B44C793A76} = {9C3A6259-D35E-453A-9A17-62B44C793A76}
		{A35E905E-C6A4-416D-9217-02C0456E5CDD} = {A35E905E-C6A4-416D-9217-02C0456E5CDD}
	EndProjectSection
EndProject
Project("{8BC9CEB8-8B4A-11D0-8D11-00A0C91BC942}") = "SchedulerTest06", "SchedulerTest06\SchedulerTest06.vcxproj", "{38735F65-7A95-4D75-B625-DAD4F3AB2D8B}"
	ProjectSection(ProjectDependencies) = postProject
		{9C3A6259-D35E-453A-9A17-62B44C793A76} = {9C3A6259-D35E-453A-9A17-62B44C793A76}
		{A35E905E-C6A4-416D-9217-02C0456E5CDD} = {A35E905E-C6A4-416D-9217-02C0456E5CDD}
	EndProjectSection
EndProject
Project("{8BC9CEB8-8B4A-11D0-8D11-00A0C91BC942}") = "SchedulerTest07", "SchedulerTest07\SchedulerTest07.vcxproj", "{E50C0B89-E7C1-42BA-BEC5-9599CE56DBF4}"
	ProjectSection(ProjectDependencies) = postProject
		{9C3A6259-D35E-453A-9A17-62B44C793A76} = {9C3A6259-D35E-453A-9A17-62B44C793A76}
		{A35E905E-C6A4-416D-9217-02C0456E5CDD} = {A35E905E-C6A4-416D-9217-02C0456E5CDD}
	EndProjectSection
EndProject
Project("{8BC9CEB8-8B4A-11D0-8D11-00A0C91BC942}") = "SchedulerTest08", "SchedulerTest08\SchedulerTest08.vcxproj", "{7B0F4AC1-B3AD-44CE-A226-FC055335CFDC}"
	ProjectSection(ProjectDependencies) = postProject
		{9C3A6259-D35E-453A-9A17-62B44C793A76} = {9C3A6259-D35E-453A-9A17-62B44C793A76}
		{A35E905E-C6A4-416D-9217-02C0456E5CDD} = {A35E905E-C6A4-416D-9217-02C0456E5CDD}
	EndProjectSection
EndProject
Project("{8BC9CEB8-8B4A-11D0-8D11-00A0C91BC942}") = "SchedulerTest09", "SchedulerTest09\SchedulerTest09.vcxproj", "{3B36004F-C95E-410C-8A96-824C4727A711}"
	ProjectSection(ProjectDependencies) = postProject
		{9C3A6259-D35E-453A-9A17-62B44C793A76} = {9C3A6259-D35E-453A-9A17-62B44C793A76}
		{A35E905E-C6A4-416D-9217-02C0456E5CDD} = {A35E905E-C6A4-416D-9217-02C0456E5CDD}
	EndProjectSection
EndProject
Project("{8BC9CEB8-8B4A-11D0-8D11-00A0C91BC942}") = "SchedulerTest10", "SchedulerTest10\SchedulerTest10.vcxproj", "{4A96FD81-5FDE-40AA-A204-283757513DA5}"
	ProjectSection(ProjectDependencies) = postProject
		{9C3A6259-D35E-453A-9A17-62B44C793A76} = {9C3A6259-D35E-453A-9A17-62B44C793A76}
		{A35E905E-C6A4-416D-9217-02C0456E5CDD} = {A35E905E-C6A4-416D-9217-02C0456E5CDD}
	EndProjectSection
EndProject
Project("{8BC9CEB8-8B4A-11D0-8D11-00A0C91BC942}") = "SchedulerTest11", "SchedulerTest11\SchedulerTest11.vcxproj", "{EA44A81E-5062-482D-BB11-2E8ADA62BDE3}"
	ProjectSection(ProjectDependencies) = postProject
		{9C3A6259-D35E-453A-9A17-62B44C793A76} = {9C3A6259-D35E-453A-9A17-62B44C793A76}
		{A35E905E-C6A4-416D-9217-02C0456E5CDD} = {A35E905E-C6A4-416D-9217-02C0456E5CDD}
	EndProjectSection
EndProject
Project("{8BC9CEB8-8B4A-11D0-8D11-00A0C91BC942}") = "SchedulerTest12", "SchedulerTest12\SchedulerTest12.vcxproj", "{EFD9990B-6D9E-4CB2-A00B-B8813083E747}"
	ProjectSection(ProjectDependencies) = postProject
		{9C3A6259-D35E-453A-9A17-62B44C793A76} = {9C3A6259-D35E-453A-9A17-62B44C793A76}
		{A35E905E-C6A4-416D-9217-02C0456E5CDD} = {A35E905E-C6A4-416D-9217-02C0456E5CDD}
	EndProjectSection
EndProject
Project("{8BC9CEB8-8B4A-11D0-8D11-00A0C91BC942}") = "SchedulerTest14", "SchedulerTest14\SchedulerTest14.vcxproj", "{1DF4C07C-3B26-4F76-B3BA-727D6D47A130}"
	ProjectSection(ProjectDependencies) = postProject
		{9C3A6259-D35E-453A-9A17-62B44C793A76} = {9C3A6259-D35E-453A-9A17-62B44C793A76}
		{A35E905E-C6A4-416D-9217-02C0456E5CDD} = {A35E905E-C6A4-416D-9217-02C0456E5CDD}
	EndProjectSection
EndProject
Project("{8BC9CEB8-8B4A-11D0-8D11-00A0C91BC942}") = "SchedulerTest15", "SchedulerTest15\SchedulerTest15.vcxproj", "{3D451A4E-4D97-4CAE-B3FC-AEC3BB23F488}"
	ProjectSection(ProjectDependencies) = postProject
		{9C3A6259-D35E-453A-9A17-62B44C793A76} = {9C3A6259-D35E-453A-9A17-62B44C793A76}
		{A35E905E-C6A4-416D-9217-02C0456E5CDD} = {A35E905E-C6A4-416D-9217-02C0456E5CDD}
	EndProjectSection
EndProject
Project("{8BC9CEB8-8B4A-11D0-8D11-00A0C91BC942}") = "SchedulerTest16", "SchedulerTest16\SchedulerTest16.vcxproj", "{103E7DDF-C750-4DF9-A4A2-3AE84DB0E19B}"
	ProjectSection(ProjectDependencies) = postProject
		{9C3A6259-D35E-453A-9A17-62B44C793A76} = {9C3A6259-D35E-453A-9A17-62B44C793A76}
		{A35E905E-C6A4-416D-9217-02C0456E5CDD} = {A35E905E-C6A4-416D-9217-02C0456E5CDD}
	EndProjectSection
EndProject
Project("{8BC9CEB8-8B4A-11D0-8D11-00A0C91BC942}") = "SchedulerTest17", "SchedulerTest17\SchedulerTest17.vcxproj", "{8CB0324E-D490-408F-904C-0ED265CB23D3}"
	ProjectSection(ProjectDependencies) = postProject
		{9C3A6259-D35E-453A-9A17-62B44C793A76} = {9C3A6259-D35E-453A-9A17-62B44C793A76}
		{A35E905E-C6A4-416D-9217-02C0456E5CDD} = {A35E905E-C6A4-416D-9217-02C0456E5CDD}
	EndProjectSection
EndProject
Project("{8BC9CEB8-8B4A-11D0-8D11-00A0C91BC942}") = "SchedulerTest18", "SchedulerTest18\SchedulerTest18.vcxproj", "{B1F513C3-9970-4F4B-B3D2-3279533C2F1B}"
	ProjectSection(ProjectDependencies) = postProject
		{9C3A6259-D35E-453A-9A17-62B44C793A76} = {9C3A6259-D35E-453A-9A17-62B44C793A76}
		{A35E905E-C6A4-416D-9217-02C0456E5CDD} = {A35E905E-C6A4-416D-9217-02C0456E5CDD}
	EndProjectSection
EndProject
Project("{8BC9CEB8-8B4A-11D0-8D11-00A0C91BC942}") = "SchedulerTest19", "SchedulerTest19\SchedulerTest19.vcxproj", "{90E02EB8-3F9F-4E6E-8DF7-F4CDFD228060}"
	ProjectSection(ProjectDependencies) = postProject
		{9C3A6259-D35E-453A-9A17-62B44C793A76} = {9C3A6259-D35E-453A-9A17-62B44C793A76}
		{A35E905E-C6A4-416D-9217-02C0456E5CDD} = {A35E905E-C6A4-416D-9217-02C0456E5CDD}
	EndProjectSection
EndProject
Project("{8BC9CEB8-8B4A-11D0-8D11-00A0C91BC942}") = "SchedulerTest20", "SchedulerTest20\SchedulerTest20.vcxproj", "{00A3EDBE-466E-4BD7-A4EB-2B2B860919C6}"
	ProjectSection(ProjectDependencies) = postProject
		{9C3A6259-D35E-453A-9A17-62B44C793A76} = {9C3A6259-D35E-453A-9A17-62B44C793A76}
		{A35E905E-C6A4-416D-9217-02C0456E5CDD} = {A35E905E-C6A4-416D-9217-02C0456E5CDD}
	EndProjectSection
EndProject
Project("{8BC9CEB8-8B4A-11D0-8D11-00A0C91BC942}") = "SchedulerTest21", "SchedulerTest21\SchedulerTest21.vcxproj", "{D71B3509-45DD-446C-9E78-4A0DD8E19F5C}"
	ProjectSection(ProjectDependencies) = postProject
		{9C3A6259-D35E-453A-9A17-62B44C793A76} = {9C3A6259-D35E-453A-9A17-62B44C793A76}
		{A35E905E-C6A4-416D-9217-02C0456E5CDD} = {A35E905E-C6A4-416D-9217-02C0456E5CDD}
	EndProjectSection
EndProject
Project("{8BC9CEB8-8B4A-11D0-8D11-00A0C91BC942}") = "SchedulerTest22", "SchedulerTest22\SchedulerTest22.vcxproj", "{4D6B4C25-00D4-4873-B1C2-2B315C84588B}"
	ProjectSection(ProjectDependencies) = postProject
		{9C3A6259-D35E-453A-9A17-62B44C793A76} = {9C3A6259-D35E-453A-9A17-62B44C793A76}
		{A35E905E-C6A4-416D-9217-02C0456E5CDD} = {A35E905E-C6A4-416D-9217-02C0456E5CDD}
	EndProjectSection
EndProject
Project("{8BC9CEB8-8B4A-11D0-8D11-00A0C91BC942}") = "SchedulerTest23", "SchedulerTest23\SchedulerTest23.vcxproj", "{1D6DB5BC-1C45-40F8-8186-59E287B2969E}"
	ProjectSection(ProjectDependencies) = postProject
		{9C3A6259-D35E-453A-9A17-62B44C793A76} = {9C3A6259-D35E-453A-9A17-62B44C793A76}
		{A35E905E-C6A4-416D-9217-02C0456E5CDD} = {A35E905E-C6A4-416D-9217-02C0456E5CDD}
	EndProjectSection
EndProject
Project("{8BC9CEB8-8B4A-11D0-8D11-00A0C91BC942}") = "SchedulerTest24", "SchedulerTest24\SchedulerTest24.vcxproj", "{36BFFA64-884E-4771-B981-E0DF6400B350}"
	ProjectSection(ProjectDependencies) = postProject
		{9C3A6259-D35E-453A-9A17-62B44C793A76} = {9C3A6259-D35E-453A-9A17-62B44C793A76}
		{A35E905E-C6A4-416D-9217-02C0456E5CDD} = {A35E905E-C6A4-416D-9217-02C0456E5CDD}
	EndProjectSection
EndProject
Project("{8BC9CEB8-8B4A-11D0-8D11-00A0C91BC942}") = "SchedulerTest25", "SchedulerTest25\SchedulerTest25.vcxproj", "{B4C23A7A-8708-479D-90E9-391008E44359}"
	ProjectSection(ProjectDependencies) = postProject
		{9C3A6259-D35E-453A-9A17-62B44C793A76} = {9C3A6259-D35E-453A-9A17-62B44C793A76}
		{A35E905E-C6A4-416D-9217-02C0456E5CDD} = {A35E905E-C6A4-416D-9217-02C0456E5CDD}
	EndProjectSection
EndProject
Project("{8BC9CEB8-8B4A-11D0-8D11-00A0C91BC942}") = "SchedulerTest26", "SchedulerTest26\SchedulerTest26.vcxproj", "{DA79BA39-63B1-47F2-8DB0-0C1E4A335AD3}"
	ProjectSection(ProjectDependencies) = postProject
		{9C3A6259-D35E-453A-9A17-62B44C793A76} = {9C3A6259-D35E-453A-9A17-62B44C793A76}
		{A35E905E-C6A4-416D-9217-02C0456E5CDD} = {A35E905E-C6A4-416D-9217-02C0456E5CDD}
	EndProjectSection
EndProject
Project("{8BC9CEB8-8B4A-11D0-8D11-00A0C91BC942}") = "SchedulerTest27", "SchedulerTest27\SchedulerTest27.vcxproj", "{630441E4-9811-4111-B349-BE719DFA22E2}"
	ProjectSection(ProjectDependencies) = postProject
		{9C3A6259-D35E-453A-9A17-62B44C793A76} = {9C3A6259-D35E-453A-9A17-62B44C793A76}
		{A35E905E-C6A4-416D-9217-02C0456E5CDD} = {A35E905E-C6A4-416D-9217-02C0456E5CDD}
	EndProjectSection
EndProject
Project("{8BC9CEB8-8B4A-11D0-8D11-00A0C91BC942}") = "SchedulerTest28", "SchedulerTest28\SchedulerTest28.vcxproj", "{0B6DB588-9CB3-4B5A-9E76-3ECE19D3C129}"
	ProjectSection(ProjectDependencies) = postProject
		{9C3A6259-D35E-453A-9A17-62B44C793A76} = {9C3A6259-D35E-453A-9A17-62B44C793A76}
		{A35E905E-C6A4-416D-9217-02C0456E5CDD} = {A35E905E-C6A4-416D-9217-02C0456E5CDD}
	EndProjectSection
EndProject
Project("{8BC9CEB8-8B4A-11D0-8D11-00A0C91BC942}") = "SchedulerTest29", "SchedulerTest29\SchedulerTest29.vcxproj", "{E2E6842B-439B-4098-8814-F506D27C959D}"
	ProjectSection(ProjectDependencies) = postProject
		{9C3A6259-D35E-453A-9A17-62B44C793A76} = {9C3A6259-D35E-453A-9A17-62B44C793A76}
		{A35E905E-C6A4-416D-9217-02C0456E5CDD} = {A35E905E-C6A4-416D-9217-02C0456E5CDD}
	EndProjectSection
EndProject
Project("{8BC9CEB8-8B4A-11D0-8D11-00A0C91BC942}") = "SchedulerTest30", "SchedulerTest30\SchedulerTest30.vcxproj", "{7D9B9A2C-5F31-4A06-802D-DDC6717D7305}"
	ProjectSection(ProjectDependencies) = postProject
		{9C3A6259-D35E-453A-9A17-62B44C793A76} = {9C3A6259-D35E-453A-9A17-62B44C793A76}
		{A35E905E-C6A4-416D-9217-02C0456E5CDD} = {A35E905E-C6A4-416D-9217-02C0456E5CDD}
	EndProjectSection
EndProject
Project("{8BC9CEB8-8B4A-11D0-8D11-00A0C91BC942}") = "SchedulerTest13", "SchedulerTest13\SchedulerTest13.vcxproj", "{809B3870-0CEE-47AB-A44B-C5A0ED3002D9}"
	ProjectSection(ProjectDependencies) = postProject
		{9C3A6259-D35E-453A-9A17-62B44C793A76} = {9C3A6259-D35E-453A-9A17-62B44C793A76}
		{A35E905E-C6A4-416D-9217-02C0456E5CDD} = {A35E905E-C6A4-416D-9217-02C0456E5CDD}
	EndProjectSection
EndProject
Project("{8BC9CEB8-8B4A-11D0-8D11-00A0C91BC942}") = "SchedulerTest01", "SchedulerTest01\SchedulerTest01.vcxproj", "{594BE315-4C31-4861-B170-00324581E55A}"
	ProjectSection(ProjectDependencies) = postProject
		{9C3A6259-D35E-453A-9A17-62B44C793A76} = {9C3A6259-D35E-453A-9A17-62B44C793A76}
		{A35E905E-C6A4-416D-9217-02C0456E5CDD} = {A35E905E-C6A4-416D-9217-02C0456E5CDD}
	EndProjectSection
EndProject
Project("{8BC9CEB8-8B4A-11D0-8D11-00A0C91BC942}") = "SchedulerTest31", "SchedulerTest31\SchedulerTest31.vcxproj", "{86A7605E-B698-42DC-B621-5E6D44797DE1}"
EndProject
Global
	GlobalSection(SolutionConfigurationPlatforms) = preSolution
		Debug|x64 = Debug|x64
		Debug|x86 = Debug|x86
		Debug-DLL|x64 = Debug-DLL|x64
		Debug-DLL|x86 = Debug-DLL|x86
		Release - DLL|x64 = Release - DLL|x64
		Release - DLL|x86 = Release - DLL|x86
		Release|x64 = Release|x64
		Release|x86 = Release|x86
	EndGlobalSection
	GlobalSection(ProjectConfigurationPlatforms) = postSolution
		{4F10594A-A37F-4B06-8053-7E142CE536B5}.Debug|x64.ActiveCfg = Debug|x64
		{4F10594A-A37F-4B06-8053-7E142CE536B5}.Debug|x64.Build.0 = Debug|x64
		{4F10594A-A37F-4B06-8053-7E142CE536B5}.Debug|x86.ActiveCfg = Debug|Win32
		{4F10594A-A37F-4B06-8053-7E142CE536B5}.Debug|x86.Build.0 = Debug|Win32
		{4F10594A-A37F-4B06-8053-7E142CE536B5}.Debug-DLL|x64.ActiveCfg = Debug|x64
		{4F10594A-A37F-4B06-8053-7E142CE536B5}.Debug-DLL|x64.Build.0 = Debug|x64
		{4F10594A-A37F-4B06-8053-7E142CE536B5}.Debug-DLL|x86.ActiveCfg = Debug|Win32
		{4F10594A-A37F-4B06-8053-7E142CE536B5}.Debug-DLL|x86.Build.0 = Debug|Win32
		{4F10594A-A37F-4B06-8053-7E142CE536B5}.Release - DLL|x64.ActiveCfg = Release|x64
		{4F10594A-A37F-4B06-8053-7E142CE536B5}.Release - DLL|x64.Build.0 = Release|x64
		{4F10594A-A37F-4B06-8053-7E142CE536B5}.Release - DLL|x86.ActiveCfg = Release|Win32
		{4F10594A-A37F-4B06-8053-7E142CE536B5}.Release - DLL|x86.Build.0 = Release|Win32
		{4F10594A-A37F-4B06-8053-7E142CE536B5}.Release|x64.ActiveCfg = Release|x64
		{4F10594A-A37F-4B06-8053-7E142CE536B5}.Release|x64.Build.0 = Release|x64
		{4F10594A-A37F-4B06-8053-7E142CE536B5}.Release|x86.ActiveCfg = Release|Win32
		{4F10594A-A37F-4B06-8053-7E142CE536B5}.Release|x86.Build.0 = Release|Win32
		{A35E905E-C6A4-416D-9217-02C0456E5CDD}.Debug|x64.ActiveCfg = Debug|x64
		{A35E905E-C6A4-416D-9217-02C0456E5CDD}.Debug|x64.Build.0 = Debug|x64
		{A35E905E-C6A4-416D-9217-02C0456E5CDD}.Debug|x86.ActiveCfg = Debug|Win32
		{A35E905E-C6A4-416D-9217-02C0456E5CDD}.Debug|x86.Build.0 = Debug|Win32
		{A35E905E-C6A4-416D-9217-02C0456E5CDD}.Debug-DLL|x64.ActiveCfg = Debug|x64
		{A35E905E-C6A4-416D-9217-02C0456E5CDD}.Debug-DLL|x64.Build.0 = Debug|x64
		{A35E905E-C6A4-416D-9217-02C0456E5CDD}.Debug-DLL|x86.ActiveCfg = Debug|Win32
		{A35E905E-C6A4-416D-9217-02C0456E5CDD}.Debug-DLL|x86.Build.0 = Debug|Win32
		{A35E905E-C6A4-416D-9217-02C0456E5CDD}.Release - DLL|x64.ActiveCfg = Release|x64
		{A35E905E-C6A4-416D-9217-02C0456E5CDD}.Release - DLL|x64.Build.0 = Release|x64
		{A35E905E-C6A4-416D-9217-02C0456E5CDD}.Release - DLL|x86.ActiveCfg = Release|Win32
		{A35E905E-C6A4-416D-9217-02C0456E5CDD}.Release - DLL|x86.Build.0 = Release|Win32
		{A35E905E-C6A4-416D-9217-02C0456E5CDD}.Release|x64.ActiveCfg = Release|x64
		{A35E905E-C6A4-416D-9217-02C0456E5CDD}.Release|x64.Build.0 = Release|x64
		{A35E905E-C6A4-416D-9217-02C0456E5CDD}.Release|x86.ActiveCfg = Release|Win32
		{A35E905E-C6A4-416D-9217-02C0456E5CDD}.Release|x86.Build.0 = Release|Win32
		{9C3A6259-D35E-453A-9A17-62B44C793A76}.Debug|x64.ActiveCfg = Debug|x64
		{9C3A6259-D35E-453A-9A17-62B44C793A76}.Debug|x64.Build.0 = Debug|x64
		{9C3A6259-D35E-453A-9A17-62B44C793A76}.Debug|x86.ActiveCfg = Debug|Win32
		{9C3A6259-D35E-453A-9A17-62B44C793A76}.Debug|x86.Build.0 = Debug|Win32
		{9C3A6259-D35E-453A-9A17-62B44C793A76}.Debug-DLL|x64.ActiveCfg = Debug-DLL|x64
		{9C3A6259-D35E-453A-9A17-62B44C793A76}.Debug-DLL|x64.Build.0 = Debug-DLL|x64
		{9C3A6259-D35E-453A-9A17-62B44C793A76}.Debug-DLL|x86.ActiveCfg = Debug-DLL|Win32
		{9C3A6259-D35E-453A-9A17-62B44C793A76}.Debug-DLL|x86.Build.0 = Debug-DLL|Win32
		{9C3A6259-D35E-453A-9A17-62B44C793A76}.Release - DLL|x64.ActiveCfg = Release - DLL|x64
		{9C3A6259-D35E-453A-9A17-62B44C793A76}.Release - DLL|x64.Build.0 = Release - DLL|x64
		{9C3A6259-D35E-453A-9A17-62B44C793A76}.Release - DLL|x86.ActiveCfg = Release - DLL|Win32
		{9C3A6259-D35E-453A-9A17-62B44C793A76}.Release - DLL|x86.Build.0 = Release - DLL|Win32
		{9C3A6259-D35E-453A-9A17-62B44C793A76}.Release|x64.ActiveCfg = Release|x64
		{9C3A6259-D35E-453A-9A17-62B44C793A76}.Release|x64.Build.0 = Release|x64
		{9C3A6259-D35E-453A-9A17-62B44C793A76}.Release|x86.ActiveCfg = Release|Win32
		{9C3A6259-D35E-453A-9A17-62B44C793A76}.Release|x86.Build.0 = Release|Win32
		{17B2DF3B-7A83-4163-99EC-F51B5A3573BF}.Debug|x64.ActiveCfg = Debug|x64
		{17B2DF3B-7A83-4163-99EC-F51B5A3573BF}.Debug|x64.Build.0 = Debug|x64
		{17B2DF3B-7A83-4163-99EC-F51B5A3573BF}.Debug|x86.ActiveCfg = Debug|Win32
		{17B2DF3B-7A83-4163-99EC-F51B5A3573BF}.Debug|x86.Build.0 = Debug|Win32
		{17B2DF3B-7A83-4163-99EC-F51B5A3573BF}.Debug-DLL|x64.ActiveCfg = Debug|x64
		{17B2DF3B-7A83-4163-99EC-F51B5A3573BF}.Debug-DLL|x64.Build.0 = Debug|x64
		{17B2DF3B-7A83-4163-99EC-F51B5A3573BF}.Debug-DLL|x86.ActiveCfg = Debug|Win32
		{17B2DF3B-7A83-4163-99EC-F51B5A3573BF}.Debug-DLL|x86.Build.0 = Debug|Win32
		{17B2DF3B-7A83-4163-99EC-F51B5A3573BF}.Release - DLL|x64.ActiveCfg = Release|x64
		{17B2DF3B-7A83-4163-99EC-F51B5A3573BF}.Release - DLL|x64.Build.0 = Release|x64
		{17B2DF3B-7A83-4163-99EC-F51B5A3573BF}.Release - DLL|x86.ActiveCfg = Release|Win32
		{17B2DF3B-7A83-4163-99EC-F51B5A3573BF}.Release - DLL|x86.Build.0 = Release|Win32
		{17B2DF3B-7A83-4163-99EC-F51B5A3573BF}.Release|x64.ActiveCfg = Release|x64
		{17B2DF3B-7A83-4163-99EC-F51B5A3573BF}.Release|x64.Build.0 = Release|x64
		{17B2DF3B-7A83-4163-99EC-F51B5A3573BF}.Release|x86.ActiveCfg = Release|Win32
		{17B2DF3B-7A83-4163-99EC-F51B5A3573BF}.Release|x86.Build.0 = Release|Win32
		{0859899C-ACED-4C7B-B718-AA4A55E6C330}.Debug|x64.ActiveCfg = Debug|x64
		{0859899C-ACED-4C7B-B718-AA4A55E6C330}.Debug|x64.Build.0 = Debug|x64
		{0859899C-ACED-4C7B-B718-AA4A55E6C330}.Debug|x86.ActiveCfg = Debug|Win32
		{0859899C-ACED-4C7B-B718-AA4A55E6C330}.Debug|x86.Build.0 = Debug|Win32
		{0859899C-ACED-4C7B-B718-AA4A55E6C330}.Debug-DLL|x64.ActiveCfg = Debug|x64
		{0859899C-ACED-4C7B-B718-AA4A55E6C330}.Debug-DLL|x64.Build.0 = Debug|x64
		{0859899C-ACED-4C7B-B718-AA4A55E6C330}.Debug-DLL|x86.ActiveCfg = Debug|Win32
		{0859899C-ACED-4C7B-B718-AA4A55E6C330}.Debug-DLL|x86.Build.0 = Debug|Win32
		{0859899C-ACED-4C7B-B718-AA4A55E6C330}.Release - DLL|x64.ActiveCfg = Release|x64
		{0859899C-ACED-4C7B-B718-AA4A55E6C330}.Release - DLL|x64.Build.0 = Release|x64
		{0859899C-ACED-4C7B-B718-AA4A55E6C330}.Release - DLL|x86.ActiveCfg = Release|Win32
		{0859899C-ACED-4C7B-B718-AA4A55E6C330}.Release - DLL|x86.Build.0 = Release|Win32
		{0859899C-ACED-4C7B-B718-AA4A55E6C330}.Release|x64.ActiveCfg = Release|x64
		{0859899C-ACED-4C7B-B718-AA4A55E6C330}.Release|x64.Build.0 = Release|x64
		{0859899C-ACED-4C7B-B718-AA4A55E6C330}.Release|x86.ActiveCfg = Release|Win32
		{0859899C-ACED-4C7B-B718-AA4A55E6C330}.Release|x86.Build.0 = Release|Win32
		{5C9BB95F-9C1A-460A-AD21-342AEE6D109A}.Debug|x64.ActiveCfg = Debug|x64
		{5C9BB95F-9C1A-460A-AD21-342AEE6D109A}.Debug|x64.Build.0 = Debug|x64
		{5C9BB95F-9C1A-460A-AD21-342AEE6D109A}.Debug|x86.ActiveCfg = Debug|Win32
		{5C9BB95F-9C1A-460A-AD21-342AEE6D109A}.Debug|x86.Build.0 = Debug|Win32
		{5C9BB95F-9C1A-460A-AD21-342AEE6D109A}.Debug-DLL|x64.ActiveCfg = Debug|x64
		{5C9BB95F-9C1A-460A-AD21-342AEE6D109A}.Debug-DLL|x64.Build.0 = Debug|x64
		{5C9BB95F-9C1A-460A-AD21-342AEE6D109A}.Debug-DLL|x86.ActiveCfg = Debug|Win32
		{5C9BB95F-9C1A-460A-AD21-342AEE6D109A}.Debug-DLL|x86.Build.0 = Debug|Win32
		{5C9BB95F-9C1A-460A-AD21-342AEE6D109A}.Release - DLL|x64.ActiveCfg = Release|x64
		{5C9BB95F-9C1A-460A-AD21-342AEE6D109A}.Release - DLL|x64.Build.0 = Release|x64
		{5C9BB95F-9C1A-460A-AD21-342AEE6D109A}.Release - DLL|x86.ActiveCfg = Release|Win32
		{5C9BB95F-9C1A-460A-AD21-342AEE6D109A}.Release - DLL|x86.Build.0 = Release|Win32
		{5C9BB95F-9C1A-460A-AD21-342AEE6D109A}.Release|x64.ActiveCfg = Release|x64
		{5C9BB95F-9C1A-460A-AD21-342AEE6D109A}.Release|x64.Build.0 = Release|x64
		{5C9BB95F-9C1A-460A-AD21-342AEE6D109A}.Release|x86.ActiveCfg = Release|Win32
		{5C9BB95F-9C1A-460A-AD21-342AEE6D109A}.Release|x86.Build.0 = Release|Win32
		{272489DC-EB94-4CA1-9173-72AE9E44EF43}.Debug|x64.ActiveCfg = Debug|x64
		{272489DC-EB94-4CA1-9173-72AE9E44EF43}.Debug|x64.Build.0 = Debug|x64
		{272489DC-EB94-4CA1-9173-72AE9E44EF43}.Debug|x86.ActiveCfg = Debug|Win32
		{272489DC-EB94-4CA1-9173-72AE9E44EF43}.Debug|x86.Build.0 = Debug|Win32
		{272489DC-EB94-4CA1-9173-72AE9E44EF43}.Debug-DLL|x64.ActiveCfg = Debug|x64
		{272489DC-EB94-4CA1-9173-72AE9E44EF43}.Debug-DLL|x64.Build.0 = Debug|x64
		{272489DC-EB94-4CA1-9173-72AE9E44EF43}.Debug-DLL|x86.ActiveCfg = Debug|Win32
		{272489DC-EB94-4CA1-9173-72AE9E44EF43}.Debug-DLL|x86.Build.0 = Debug|Win32
		{272489DC-EB94-4CA1-9173-72AE9E44EF43}.Release - DLL|x64.ActiveCfg = Release|x64
		{272489DC-EB94-4CA1-9173-72AE9E44EF43}.Release - DLL|x64.Build.0 = Release|x64
		{272489DC-EB94-4CA1-9173-72AE9E44EF43}.Release - DLL|x86.ActiveCfg = Release|Win32
		{272489DC-EB94-4CA1-9173-72AE9E44EF43}.Release - DLL|x86.Build.0 = Release|Win32
		{272489DC-EB94-4CA1-9173-72AE9E44EF43}.Release|x64.ActiveCfg = Release|x64
		{272489DC-EB94-4CA1-9173-72AE9E44EF43}.Release|x64.Build.0 = Release|x64
		{272489DC-EB94-4CA1-9173-72AE9E44EF43}.Release|x86.ActiveCfg = Release|Win32
		{272489DC-EB94-4CA1-9173-72AE9E44EF43}.Release|x86.Build.0 = Release|Win32
		{38735F65-7A95-4D75-B625-DAD4F3AB2D8B}.Debug|x64.ActiveCfg = Debug|x64
		{38735F65-7A95-4D75-B625-DAD4F3AB2D8B}.Debug|x64.Build.0 = Debug|x64
		{38735F65-7A95-4D75-B625-DAD4F3AB2D8B}.Debug|x86.ActiveCfg = Debug|Win32
		{38735F65-7A95-4D75-B625-DAD4F3AB2D8B}.Debug|x86.Build.0 = Debug|Win32
		{38735F65-7A95-4D75-B625-DAD4F3AB2D8B}.Debug-DLL|x64.ActiveCfg = Debug|x64
		{38735F65-7A95-4D75-B625-DAD4F3AB2D8B}.Debug-DLL|x64.Build.0 = Debug|x64
		{38735F65-7A95-4D75-B625-DAD4F3AB2D8B}.Debug-DLL|x86.ActiveCfg = Debug|Win32
		{38735F65-7A95-4D75-B625-DAD4F3AB2D8B}.Debug-DLL|x86.Build.0 = Debug|Win32
		{38735F65-7A95-4D75-B625-DAD4F3AB2D8B}.Release - DLL|x64.ActiveCfg = Release|x64
		{38735F65-7A95-4D75-B625-DAD4F3AB2D8B}.Release - DLL|x64.Build.0 = Release|x64
		{38735F65-7A95-4D75-B625-DAD4F3AB2D8B}.Release - DLL|x86.ActiveCfg = Release|Win32
		{38735F65-7A95-4D75-B625-DAD4F3AB2D8B}.Release - DLL|x86.Build.0 = Release|Win32
		{38735F65-7A95-4D75-B625-DAD4F3AB2D8B}.Release|x64.ActiveCfg = Release|x64
		{38735F65-7A95-4D75-B625-DAD4F3AB2D8B}.Release|x64.Build.0 = Release|x64
		{38735F65-7A95-4D75-B625-DAD4F3AB2D8B}.Release|x86.ActiveCfg = Release|Win32
		{38735F65-7A95-4D75-B625-DAD4F3AB2D8B}.Release|x86.Build.0 = Release|Win32
		{E50C0B89-E7C1-42BA-BEC5-9599CE56DBF4}.Debug|x64.ActiveCfg = Debug|x64
		{E50C0B89-E7C1-42BA-BEC5-9599CE56DBF4}.Debug|x64.Build.0 = Debug|x64
		{E50C0B89-E7C1-42BA-BEC5-9599CE56DBF4}.Debug|x86.ActiveCfg = Debug|Win32
		{E50C0B89-E7C1-42BA-BEC5-9599CE56DBF4}.Debug|x86.Build.0 = Debug|Win32
		{E50C0B89-E7C1-42BA-BEC5-9599CE56DBF4}.Debug-DLL|x64.ActiveCfg = Debug|x64
		{E50C0B89-E7C1-42BA-BEC5-9599CE56DBF4}.Debug-DLL|x64.Build.0 = Debug|x64
		{E50C0B89-E7C1-42BA-BEC5-9599CE56DBF4}.Debug-DLL|x86.ActiveCfg = Debug|Win32
		{E50C0B89-E7C1-42BA-BEC5-9599CE56DBF4}.Debug-DLL|x86.Build.0 = Debug|Win32
		{E50C0B89-E7C1-42BA-BEC5-9599CE56DBF4}.Release - DLL|x64.ActiveCfg = Release|x64
		{E50C0B89-E7C1-42BA-BEC5-9599CE56DBF4}.Release - DLL|x64.Build.0 = Release|x64
		{E50C0B89-E7C1-42BA-BEC5-9599CE56DBF4}.Release - DLL|x86.ActiveCfg = Release|Win32
		{E50C0B89-E7C1-42BA-BEC5-9599CE56DBF4}.Release - DLL|x86.Build.0 = Release|Win32
		{E50C0B89-E7C1-42BA-BEC5-9599CE56DBF4}.Release|x64.ActiveCfg = Release|x64
		{E50C0B89-E7C1-42BA-BEC5-9599CE56DBF4}.Release|x64.Build.0 = Release|x64
		{E50C0B89-E7C1-42BA-BEC5-9599CE56DBF4}.Release|x86.ActiveCfg = Release|Win32
		{E50C0B89-E7C1-42BA-BEC5-9599CE56DBF4}.Release|x86.Build.0 = Release|Win32
		{7B0F4AC1-B3AD-44CE-A226-FC055335CFDC}.Debug|x64.ActiveCfg = Debug|x64
		{7B0F4AC1-B3AD-44CE-A226-FC055335CFDC}.Debug|x64.Build.0 = Debug|x64
		{7B0F4AC1-B3AD-44CE-A226-FC055335CFDC}.Debug|x86.ActiveCfg = Debug|Win32
		{7B0F4AC1-B3AD-44CE-A226-FC055335CFDC}.Debug|x86.Build.0 = Debug|Win32
		{7B0F4AC1-B3AD-44CE-A226-FC055335CFDC}.Debug-DLL|x64.ActiveCfg = Debug|x64
		{7B0F4AC1-B3AD-44CE-A226-FC055335CFDC}.Debug-DLL|x64.Build.0 = Debug|x64
		{7B0F4AC1-B3AD-44CE-A226-FC055335CFDC}.Debug-DLL|x86.ActiveCfg = Debug|Win32
		{7B0F4AC1-B3AD-44CE-A226-FC055335CFDC}.Debug-DLL|x86.Build.0 = Debug|Win32
		{7B0F4AC1-B3AD-44CE-A226-FC055335CFDC}.Release - DLL|x64.ActiveCfg = Release|x64
		{7B0F4AC1-B3AD-44CE-A226-FC055335CFDC}.Release - DLL|x64.Build.0 = Release|x64
		{7B0F4AC1-B3AD-44CE-A226-FC055335CFDC}.Release - DLL|x86.ActiveCfg = Release|Win32
		{7B0F4AC1-B3AD-44CE-A226-FC055335CFDC}.Release - DLL|x86.Build.0 = Release|Win32
		{7B0F4AC1-B3AD-44CE-A226-FC055335CFDC}.Release|x64.ActiveCfg = Release|x64
		{7B0F4AC1-B3AD-44CE-A226-FC055335CFDC}.Release|x64.Build.0 = Release|x64
		{7B0F4AC1-B3AD-44CE-A226-FC055335CFDC}.Release|x86.ActiveCfg = Release|Win32
		{7B0F4AC1-B3AD-44CE-A226-FC055335CFDC}.Release|x86.Build.0 = Release|Win32
		{3B36004F-C95E-410C-8A96-824C4727A711}.Debug|x64.ActiveCfg = Debug|x64
		{3B36004F-C95E-410C-8A96-824C4727A711}.Debug|x64.Build.0 = Debug|x64
		{3B36004F-C95E-410C-8A96-824C4727A711}.Debug|x86.ActiveCfg = Debug|Win32
		{3B36004F-C95E-410C-8A96-824C4727A711}.Debug|x86.Build.0 = Debug|Win32
		{3B36004F-C95E-410C-8A96-824C4727A711}.Debug-DLL|x64.ActiveCfg = Debug|x64
		{3B36004F-C95E-410C-8A96-824C4727A711}.Debug-DLL|x64.Build.0 = Debug|x64
		{3B36004F-C95E-410C-8A96-824C4727A711}.Debug-DLL|x86.ActiveCfg = Debug|Win32
		{3B36004F-C95E-410C-8A96-824C4727A711}.Debug-DLL|x86.Build.0 = Debug|Win32
		{3B36004F-C95E-410C-8A96-824C4727A711}.Release - DLL|x64.ActiveCfg = Release|x64
		{3B36004F-C95E-410C-8A96-824C4727A711}.Release - DLL|x64.Build.0 = Release|x64
		{3B36004F-C95E-410C-8A96-824C4727A711}.Release - DLL|x86.ActiveCfg = Release|Win32
		{3B36004F-C95E-410C-8A96-824C4727A711}.Release - DLL|x86.Build.0 = Release|Win32
		{3B36004F-C95E-410C-8A96-824C4727A711}.Release|x64.ActiveCfg = Release|x64
		{3B36004F-C95E-410C-8A96-824C4727A711}.Release|x64.Build.0 = Release|x64
		{3B36004F-C95E-410C-8A96-824C4727A711}.Release|x86.ActiveCfg = Release|Win32
		{3B36004F-C95E-410C-8A96-824C4727A711}.Release|x86.Build.0 = Release|Win32
		{4A96FD81-5FDE-40AA-A204-283757513DA5}.Debug|x64.ActiveCfg = Debug|x64
		{4A96FD81-5FDE-40AA-A204-283757513DA5}.Debug|x64.Build.0 = Debug|x64
		{4A96FD81-5FDE-40AA-A204-283757513DA5}.Debug|x86.ActiveCfg = Debug|Win32
		{4A96FD81-5FDE-40AA-A204-283757513DA5}.Debug|x86.Build.0 = Debug|Win32
		{4A96FD81-5FDE-40AA-A204-283757513DA5}.Debug-DLL|x64.ActiveCfg = Debug|x64
		{4A96FD81-5FDE-40AA-A204-283757513DA5}.Debug-DLL|x64.Build.0 = Debug|x64
		{4A96FD81-5FDE-40AA-A204-283757513DA5}.Debug-DLL|x86.ActiveCfg = Debug|Win32
		{4A96FD81-5FDE-40AA-A204-283757513DA5}.Debug-DLL|x86.Build.0 = Debug|Win32
		{4A96FD81-5FDE-40AA-A204-283757513DA5}.Release - DLL|x64.ActiveCfg = Release|x64
		{4A96FD81-5FDE-40AA-A204-283757513DA5}.Release - DLL|x64.Build.0 = Release|x64
		{4A96FD81-5FDE-40AA-A204-283757513DA5}.Release - DLL|x86.ActiveCfg = Release|Win32
		{4A96FD81-5FDE-40AA-A204-283757513DA5}.Release - DLL|x86.Build.0 = Release|Win32
		{4A96FD81-5FDE-40AA-A204-283757513DA5}.Release|x64.ActiveCfg = Release|x64
		{4A96FD81-5FDE-40AA-A204-283757513DA5}.Release|x64.Build.0 = Release|x64
		{4A96FD81-5FDE-40AA-A204-283757513DA5}.Release|x86.ActiveCfg = Release|Win32
		{4A96FD81-5FDE-40AA-A204-283757513DA5}.Release|x86.Build.0 = Release|Win32
		{EA44A81E-5062-482D-BB11-2E8ADA62BDE3}.Debug|x64.ActiveCfg = Debug|x64
		{EA44A81E-5062-482D-BB11-2E8ADA62BDE3}.Debug|x64.Build.0 = Debug|x64
		{EA44A81E-5062-482D-BB11-2E8ADA62BDE3}.Debug|x86.ActiveCfg = Debug|Win32
		{EA44A81E-5062-482D-BB11-2E8ADA62BDE3}.Debug|x86.Build.0 = Debug|Win32
		{EA44A81E-5062-482D-BB11-2E8ADA62BDE3}.Debug-DLL|x64.ActiveCfg = Debug|x64
		{EA44A81E-5062-482D-BB11-2E8ADA62BDE3}.Debug-DLL|x64.Build.0 = Debug|x64
		{EA44A81E-5062-482D-BB11-2E8ADA62BDE3}.Debug-DLL|x86.ActiveCfg = Debug|Win32
		{EA44A81E-5062-482D-BB11-2E8ADA62BDE3}.Debug-DLL|x86.Build.0 = Debug|Win32
		{EA44A81E-5062-482D-BB11-2E8ADA62BDE3}.Release - DLL|x64.ActiveCfg = Release|x64
		{EA44A81E-5062-482D-BB11-2E8ADA62BDE3}.Release - DLL|x64.Build.0 = Release|x64
		{EA44A81E-5062-482D-BB11-2E8ADA62BDE3}.Release - DLL|x86.ActiveCfg = Release|Win32
		{EA44A81E-5062-482D-BB11-2E8ADA62BDE3}.Release - DLL|x86.Build.0 = Release|Win32
		{EA44A81E-5062-482D-BB11-2E8ADA62BDE3}.Release|x64.ActiveCfg = Release|x64
		{EA44A81E-5062-482D-BB11-2E8ADA62BDE3}.Release|x64.Build.0 = Release|x64
		{EA44A81E-5062-482D-BB11-2E8ADA62BDE3}.Release|x86.ActiveCfg = Release|Win32
		{EA44A81E-5062-482D-BB11-2E8ADA62BDE3}.Release|x86.Build.0 = Release|Win32
		{EFD9990B-6D9E-4CB2-A00B-B8813083E747}.Debug|x64.ActiveCfg = Debug|x64
		{EFD9990B-6D9E-4CB2-A00B-B8813083E747}.Debug|x64.Build.0 = Debug|x64
		{EFD9990B-6D9E-4CB2-A00B-B8813083E747}.Debug|x86.ActiveCfg = Debug|Win32
		{EFD9990B-6D9E-4CB2-A00B-B8813083E747}.Debug|x86.Build.0 = Debug|Win32
		{EFD9990B-6D9E-4CB2-A00B-B8813083E747}.Debug-DLL|x64.ActiveCfg = Debug|x64
		{EFD9990B-6D9E-4CB2-A00B-B8813083E747}.Debug-DLL|x64.Build.0 = Debug|x64
		{EFD9990B-6D9E-4CB2-A00B-B8813083E747}.Debug-DLL|x86.ActiveCfg = Debug|Win32
		{EFD9990B-6D9E-4CB2-A00B-B8813083E747}.Debug-DLL|x86.Build.0 = Debug|Win32
		{EFD9990B-6D9E-4CB2-A00B-B8813083E747}.Release - DLL|x64.ActiveCfg = Release|x64
		{EFD9990B-6D9E-4CB2-A00B-B8813083E747}.Release - DLL|x64.Build.0 = Release|x64
		{EFD9990B-6D9E-4CB2-A00B-B8813083E747}.Release - DLL|x86.ActiveCfg = Release|Win32
		{EFD9990B-6D9E-4CB2-A00B-B8813083E747}.Release - DLL|x86.Build.0 = Release|Win32
		{EFD9990B-6D9E-4CB2-A00B-B8813083E747}.Release|x64.ActiveCfg = Release|x64
		{EFD9990B-6D9E-4CB2-A00B-B8813083E747}.Release|x64.Build.0 = Release|x64
		{EFD9990B-6D9E-4CB2-A00B-B8813083E747}.Release|x86.ActiveCfg = Release|Win32
		{EFD9990B-6D9E-4CB2-A00B-B8813083E747}.Release|x86.Build.0 = Release|Win32
		{1DF4C07C-3B26-4F76-B3BA-727D6D47A130}.Debug|x64.ActiveCfg = Debug|x64
		{1DF4C07C-3B26-4F76-B3BA-727D6D47A130}.Debug|x64.Build.0 = Debug|x64
		{1DF4C07C-3B26-4F76-B3BA-727D6D47A130}.Debug|x86.ActiveCfg = Debug|Win32
		{1DF4C07C-3B26-4F76-B3BA-727D6D47A130}.Debug|x86.Build.0 = Debug|Win32
		{1DF4C07C-3B26-4F76-B3BA-727D6D47A130}.Debug-DLL|x64.ActiveCfg = Debug|x64
		{1DF4C07C-3B26-4F76-B3BA-727D6D47A130}.Debug-DLL|x64.Build.0 = Debug|x64
		{1DF4C07C-3B26-4F76-B3BA-727D6D47A130}.Debug-DLL|x86.ActiveCfg = Debug|Win32
		{1DF4C07C-3B26-4F76-B3BA-727D6D47A130}.Debug-DLL|x86.Build.0 = Debug|Win32
		{1DF4C07C-3B26-4F76-B3BA-727D6D47A130}.Release - DLL|x64.ActiveCfg = Release|x64
		{1DF4C07C-3B26-4F76-B3BA-727D6D47A130}.Release - DLL|x64.Build.0 = Release|x64
		{1DF4C07C-3B26-4F76-B3BA-727D6D47A130}.Release - DLL|x86.ActiveCfg = Release|Win32
		{1DF4C07C-3B26-4F76-B3BA-727D6D47A130}.Release - DLL|x86.Build.0 = Release|Win32
		{1DF4C07C-3B26-4F76-B3BA-727D6D47A130}.Release|x64.ActiveCfg = Release|x64
		{1DF4C07C-3B26-4F76-B3BA-727D6D47A130}.Release|x64.Build.0 = Release|x64
		{1DF4C07C-3B26-4F76-B3BA-727D6D47A130}.Release|x86.ActiveCfg = Release|Win32
		{1DF4C07C-3B26-4F76-B3BA-727D6D47A130}.Release|x86.Build.0 = Release|Win32
		{3D451A4E-4D97-4CAE-B3FC-AEC3BB23F488}.Debug|x64.ActiveCfg = Debug|x64
		{3D451A4E-4D97-4CAE-B3FC-AEC3BB23F488}.Debug|x64.Build.0 = Debug|x64
		{3D451A4E-4D97-4CAE-B3FC-AEC3BB23F488}.Debug|x86.ActiveCfg = Debug|Win32
		{3D451A4E-4D97-4CAE-B3FC-AEC3BB23F488}.Debug|x86.Build.0 = Debug|Win32
		{3D451A4E-4D97-4CAE-B3FC-AEC3BB23F488}.Debug-DLL|x64.ActiveCfg = Debug|x64
		{3D451A4E-4D97-4CAE-B3FC-AEC3BB23F488}.Debug-DLL|x64.Build.0 = Debug|x64
		{3D451A4E-4D97-4CAE-B3FC-AEC3BB23F488}.Debug-DLL|x86.ActiveCfg = Debug|Win32
		{3D451A4E-4D97-4CAE-B3FC-AEC3BB23F488}.Debug-DLL|x86.Build.0 = Debug|Win32
		{3D451A4E-4D97-4CAE-B3FC-AEC3BB23F488}.Release - DLL|x64.ActiveCfg = Release|x64
		{3D451A4E-4D97-4CAE-B3FC-AEC3BB23F488}.Release - DLL|x64.Build.0 = Release|x64
		{3D451A4E-4D97-4CAE-B3FC-AEC3BB23F488}.Release - DLL|x86.ActiveCfg = Release|Win32
		{3D451A4E-4D97-4CAE-B3FC-AEC3BB23F488}.Release - DLL|x86.Build.0 = Release|Win32
		{3D451A4E-4D97-4CAE-B3FC-AEC3BB23F488}.Release|x64.ActiveCfg = Release|x64
		{3D451A4E-4D97-4CAE-B3FC-AEC3BB23F488}.Release|x64.Build.0 = Release|x64
		{3D451A4E-4D97-4CAE-B3FC-AEC3BB23F488}.Release|x86.ActiveCfg = Release|Win32
		{3D451A4E-4D97-4CAE-B3FC-AEC3BB23F488}.Release|x86.Build.0 = Release|Win32
		{103E7DDF-C750-4DF9-A4A2-3AE84DB0E19B}.Debug|x64.ActiveCfg = Debug|x64
		{103E7DDF-C750-4DF9-A4A2-3AE84DB0E19B}.Debug|x64.Build.0 = Debug|x64
		{103E7DDF-C750-4DF9-A4A2-3AE84DB0E19B}.Debug|x86.ActiveCfg = Debug|Win32
		{103E7DDF-C750-4DF9-A4A2-3AE84DB0E19B}.Debug|x86.Build.0 = Debug|Win32
		{103E7DDF-C750-4DF9-A4A2-3AE84DB0E19B}.Debug-DLL|x64.ActiveCfg = Debug|x64
		{103E7DDF-C750-4DF9-A4A2-3AE84DB0E19B}.Debug-DLL|x64.Build.0 = Debug|x64
		{103E7DDF-C750-4DF9-A4A2-3AE84DB0E19B}.Debug-DLL|x86.ActiveCfg = Debug|Win32
		{103E7DDF-C750-4DF9-A4A2-3AE84DB0E19B}.Debug-DLL|x86.Build.0 = Debug|Win32
		{103E7DDF-C750-4DF9-A4A2-3AE84DB0E19B}.Release - DLL|x64.ActiveCfg = Release|x64
		{103E7DDF-C750-4DF9-A4A2-3AE84DB0E19B}.Release - DLL|x64.Build.0 = Release|x64
		{103E7DDF-C750-4DF9-A4A2-3AE84DB0E19B}.Release - DLL|x86.ActiveCfg = Release|Win32
		{103E7DDF-C750-4DF9-A4A2-3AE84DB0E19B}.Release - DLL|x86.Build.0 = Release|Win32
		{103E7DDF-C750-4DF9-A4A2-3AE84DB0E19B}.Release|x64.ActiveCfg = Release|x64
		{103E7DDF-C750-4DF9-A4A2-3AE84DB0E19B}.Release|x64.Build.0 = Release|x64
		{103E7DDF-C750-4DF9-A4A2-3AE84DB0E19B}.Release|x86.ActiveCfg = Release|Win32
		{103E7DDF-C750-4DF9-A4A2-3AE84DB0E19B}.Release|x86.Build.0 = Release|Win32
		{8CB0324E-D490-408F-904C-0ED265CB23D3}.Debug|x64.ActiveCfg = Debug|x64
		{8CB0324E-D490-408F-904C-0ED265CB23D3}.Debug|x64.Build.0 = Debug|x64
		{8CB0324E-D490-408F-904C-0ED265CB23D3}.Debug|x86.ActiveCfg = Debug|Win32
		{8CB0324E-D490-408F-904C-0ED265CB23D3}.Debug|x86.Build.0 = Debug|Win32
		{8CB0324E-D490-408F-904C-0ED265CB23D3}.Debug-DLL|x64.ActiveCfg = Debug|x64
		{8CB0324E-D490-408F-904C-0ED265CB23D3}.Debug-DLL|x64.Build.0 = Debug|x64
		{8CB0324E-D490-408F-904C-0ED265CB23D3}.Debug-DLL|x86.ActiveCfg = Debug|Win32
		{8CB0324E-D490-408F-904C-0ED265CB23D3}.Debug-DLL|x86.Build.0 = Debug|Win32
		{8CB0324E-D490-408F-904C-0ED265CB23D3}.Release - DLL|x64.ActiveCfg = Release|x64
		{8CB0324E-D490-408F-904C-0ED265CB23D3}.Release - DLL|x64.Build.0 = Release|x64
		{8CB0324E-D490-408F-904C-0ED265CB23D3}.Release - DLL|x86.ActiveCfg = Release|Win32
		{8CB0324E-D490-408F-904C-0ED265CB23D3}.Release - DLL|x86.Build.0 = Release|Win32
		{8CB0324E-D490-408F-904C-0ED265CB23D3}.Release|x64.ActiveCfg = Release|x64
		{8CB0324E-D490-408F-904C-0ED265CB23D3}.Release|x64.Build.0 = Release|x64
		{8CB0324E-D490-408F-904C-0ED265CB23D3}.Release|x86.ActiveCfg = Release|Win32
		{8CB0324E-D490-408F-904C-0ED265CB23D3}.Release|x86.Build.0 = Release|Win32
		{B1F513C3-9970-4F4B-B3D2-3279533C2F1B}.Debug|x64.ActiveCfg = Debug|x64
		{B1F513C3-9970-4F4B-B3D2-3279533C2F1B}.Debug|x64.Build.0 = Debug|x64
		{B1F513C3-9970-4F4B-B3D2-3279533C2F1B}.Debug|x86.ActiveCfg = Debug|Win32
		{B1F513C3-9970-4F4B-B3D2-3279533C2F1B}.Debug|x86.Build.0 = Debug|Win32
		{B1F513C3-9970-4F4B-B3D2-3279533C2F1B}.Debug-DLL|x64.ActiveCfg = Debug|x64
		{B1F513C3-9970-4F4B-B3D2-3279533C2F1B}.Debug-DLL|x64.Build.0 = Debug|x64
		{B1F513C3-9970-4F4B-B3D2-3279533C2F1B}.Debug-DLL|x86.ActiveCfg = Debug|Win32
		{B1F513C3-9970-4F4B-B3D2-3279533C2F1B}.Debug-DLL|x86.Build.0 = Debug|Win32
		{B1F513C3-9970-4F4B-B3D2-3279533C2F1B}.Release - DLL|x64.ActiveCfg = Release|x64
		{B1F513C3-9970-4F4B-B3D2-3279533C2F1B}.Release - DLL|x64.Build.0 = Release|x64
		{B1F513C3-9970-4F4B-B3D2-3279533C2F1B}.Release - DLL|x86.ActiveCfg = Release|Win32
		{B1F513C3-9970-4F4B-B3D2-3279533C2F1B}.Release - DLL|x86.Build.0 = Release|Win32
		{B1F513C3-9970-4F4B-B3D2-3279533C2F1B}.Release|x64.ActiveCfg = Release|x64
		{B1F513C3-9970-4F4B-B3D2-3279533C2F1B}.Release|x64.Build.0 = Release|x64
		{B1F513C3-9970-4F4B-B3D2-3279533C2F1B}.Release|x86.ActiveCfg = Release|Win32
		{B1F513C3-9970-4F4B-B3D2-3279533C2F1B}.Release|x86.Build.0 = Release|Win32
		{90E02EB8-3F9F-4E6E-8DF7-F4CDFD228060}.Debug|x64.ActiveCfg = Debug|x64
		{90E02EB8-3F9F-4E6E-8DF7-F4CDFD228060}.Debug|x64.Build.0 = Debug|x64
		{90E02EB8-3F9F-4E6E-8DF7-F4CDFD228060}.Debug|x86.ActiveCfg = Debug|Win32
		{90E02EB8-3F9F-4E6E-8DF7-F4CDFD228060}.Debug|x86.Build.0 = Debug|Win32
		{90E02EB8-3F9F-4E6E-8DF7-F4CDFD228060}.Debug-DLL|x64.ActiveCfg = Debug|x64
		{90E02EB8-3F9F-4E6E-8DF7-F4CDFD228060}.Debug-DLL|x64.Build.0 = Debug|x64
		{90E02EB8-3F9F-4E6E-8DF7-F4CDFD228060}.Debug-DLL|x86.ActiveCfg = Debug|Win32
		{90E02EB8-3F9F-4E6E-8DF7-F4CDFD228060}.Debug-DLL|x86.Build.0 = Debug|Win32
		{90E02EB8-3F9F-4E6E-8DF7-F4CDFD228060}.Release - DLL|x64.ActiveCfg = Release|x64
		{90E02EB8-3F9F-4E6E-8DF7-F4CDFD228060}.Release - DLL|x64.Build.0 = Release|x64
		{90E02EB8-3F9F-4E6E-8DF7-F4CDFD228060}.Release - DLL|x86.ActiveCfg = Release|Win32
		{90E02EB8-3F9F-4E6E-8DF7-F4CDFD228060}.Release - DLL|x86.Build.0 = Release|Win32
		{90E02EB8-3F9F-4E6E-8DF7-F4CDFD228060}.Release|x64.ActiveCfg = Release|x64
		{90E02EB8-3F9F-4E6E-8DF7-F4CDFD228060}.Release|x64.Build.0 = Release|x64
		{90E02EB8-3F9F-4E6E-8DF7-F4CDFD228060}.Release|x86.ActiveCfg = Release|Win32
		{90E02EB8-3F9F-4E6E-8DF7-F4CDFD228060}.Release|x86.Build.0 = Release|Win32
		{00A3EDBE-466E-4BD7-A4EB-2B2B860919C6}.Debug|x64.ActiveCfg = Debug|x64
		{00A3EDBE-466E-4BD7-A4EB-2B2B860919C6}.Debug|x64.Build.0 = Debug|x64
		{00A3EDBE-466E-4BD7-A4EB-2B2B860919C6}.Debug|x86.ActiveCfg = Debug|Win32
		{00A3EDBE-466E-4BD7-A4EB-2B2B860919C6}.Debug|x86.Build.0 = Debug|Win32
		{00A3EDBE-466E-4BD7-A4EB-2B2B860919C6}.Debug-DLL|x64.ActiveCfg = Debug|x64
		{00A3EDBE-466E-4BD7-A4EB-2B2B860919C6}.Debug-DLL|x64.Build.0 = Debug|x64
		{00A3EDBE-466E-4BD7-A4EB-2B2B860919C6}.Debug-DLL|x86.ActiveCfg = Debug|Win32
		{00A3EDBE-466E-4BD7-A4EB-2B2B860919C6}.Debug-DLL|x86.Build.0 = Debug|Win32
		{00A3EDBE-466E-4BD7-A4EB-2B2B860919C6}.Release - DLL|x64.ActiveCfg = Release|x64
		{00A3EDBE-466E-4BD7-A4EB-2B2B860919C6}.Release - DLL|x64.Build.0 = Release|x64
		{00A3EDBE-466E-4BD7-A4EB-2B2B860919C6}.Release - DLL|x86.ActiveCfg = Release|Win32
		{00A3EDBE-466E-4BD7-A4EB-2B2B860919C6}.Release - DLL|x86.Build.0 = Release|Win32
		{00A3EDBE-466E-4BD7-A4EB-2B2B860919C6}.Release|x64.ActiveCfg = Release|x64
		{00A3EDBE-466E-4BD7-A4EB-2B2B860919C6}.Release|x64.Build.0 = Release|x64
		{00A3EDBE-466E-4BD7-A4EB-2B2B860919C6}.Release|x86.ActiveCfg = Release|Win32
		{00A3EDBE-466E-4BD7-A4EB-2B2B860919C6}.Release|x86.Build.0 = Release|Win32
		{D71B3509-45DD-446C-9E78-4A0DD8E19F5C}.Debug|x64.ActiveCfg = Debug|x64
		{D71B3509-45DD-446C-9E78-4A0DD8E19F5C}.Debug|x64.Build.0 = Debug|x64
		{D71B3509-45DD-446C-9E78-4A0DD8E19F5C}.Debug|x86.ActiveCfg = Debug|Win32
		{D71B3509-45DD-446C-9E78-4A0DD8E19F5C}.Debug|x86.Build.0 = Debug|Win32
		{D71B3509-45DD-446C-9E78-4A0DD8E19F5C}.Debug-DLL|x64.ActiveCfg = Debug|x64
		{D71B3509-45DD-446C-9E78-4A0DD8E19F5C}.Debug-DLL|x64.Build.0 = Debug|x64
		{D71B3509-45DD-446C-9E78-4A0DD8E19F5C}.Debug-DLL|x86.ActiveCfg = Debug|Win32
		{D71B3509-45DD-446C-9E78-4A0DD8E19F5C}.Debug-DLL|x86.Build.0 = Debug|Win32
		{D71B3509-45DD-446C-9E78-4A0DD8E19F5C}.Release - DLL|x64.ActiveCfg = Release|x64
		{D71B3509-45DD-446C-9E78-4A0DD8E19F5C}.Release - DLL|x64.Build.0 = Release|x64
		{D71B3509-45DD-446C-9E78-4A0DD8E19F5C}.Release - DLL|x86.ActiveCfg = Release|Win32
		{D71B3509-45DD-446C-9E78-4A0DD8E19F5C}.Release - DLL|x86.Build.0 = Release|Win32
		{D71B3509-45DD-446C-9E78-4A0DD8E19F5C}.Release|x64.ActiveCfg = Release|x64
		{D71B3509-45DD-446C-9E78-4A0DD8E19F5C}.Release|x64.Build.0 = Release|x64
		{D71B3509-45DD-446C-9E78-4A0DD8E19F5C}.Release|x86.ActiveCfg = Release|Win32
		{D71B3509-45DD-446C-9E78-4A0DD8E19F5C}.Release|x86.Build.0 = Release|Win32
		{4D6B4C25-00D4-4873-B1C2-2B315C84588B}.Debug|x64.ActiveCfg = Debug|x64
		{4D6B4C25-00D4-4873-B1C2-2B315C84588B}.Debug|x64.Build.0 = Debug|x64
		{4D6B4C25-00D4-4873-B1C2-2B315C84588B}.Debug|x86.ActiveCfg = Debug|Win32
		{4D6B4C25-00D4-4873-B1C2-2B315C84588B}.Debug|x86.Build.0 = Debug|Win32
		{4D6B4C25-00D4-4873-B1C2-2B315C84588B}.Debug-DLL|x64.ActiveCfg = Debug|x64
		{4D6B4C25-00D4-4873-B1C2-2B315C84588B}.Debug-DLL|x64.Build.0 = Debug|x64
		{4D6B4C25-00D4-4873-B1C2-2B315C84588B}.Debug-DLL|x86.ActiveCfg = Debug|Win32
		{4D6B4C25-00D4-4873-B1C2-2B315C84588B}.Debug-DLL|x86.Build.0 = Debug|Win32
		{4D6B4C25-00D4-4873-B1C2-2B315C84588B}.Release - DLL|x64.ActiveCfg = Release|x64
		{4D6B4C25-00D4-4873-B1C2-2B315C84588B}.Release - DLL|x64.Build.0 = Release|x64
		{4D6B4C25-00D4-4873-B1C2-2B315C84588B}.Release - DLL|x86.ActiveCfg = Release|Win32
		{4D6B4C25-00D4-4873-B1C2-2B315C84588B}.Release - DLL|x86.Build.0 = Release|Win32
		{4D6B4C25-00D4-4873-B1C2-2B315C84588B}.Release|x64.ActiveCfg = Release|x64
		{4D6B4C25-00D4-4873-B1C2-2B315C84588B}.Release|x64.Build.0 = Release|x64
		{4D6B4C25-00D4-4873-B1C2-2B315C84588B}.Release|x86.ActiveCfg = Release|Win32
		{4D6B4C25-00D4-4873-B1C2-2B315C84588B}.Release|x86.Build.0 = Release|Win32
		{1D6DB5BC-1C45-40F8-8186-59E287B2969E}.Debug|x64.ActiveCfg = Debug|x64
		{1D6DB5BC-1C45-40F8-8186-59E287B2969E}.Debug|x64.Build.0 = Debug|x64
		{1D6DB5BC-1C45-40F8-8186-59E287B2969E}.Debug|x86.ActiveCfg = Debug|Win32
		{1D6DB5BC-1C45-40F8-8186-59E287B2969E}.Debug|x86.Build.0 = Debug|Win32
		{1D6DB5BC-1C45-40F8-8186-59E287B2969E}.Debug-DLL|x64.ActiveCfg = Debug|x64
		{1D6DB5BC-1C45-40F8-8186-59E287B2969E}.Debug-DLL|x64.Build.0 = Debug|x64
		{1D6DB5BC-1C45-40F8-8186-59E287B2969E}.Debug-DLL|x86.ActiveCfg = Debug|Win32
		{1D6DB5BC-1C45-40F8-8186-59E287B2969E}.Debug-DLL|x86.Build.0 = Debug|Win32
		{1D6DB5BC-1C45-40F8-8186-59E287B2969E}.Release - DLL|x64.ActiveCfg = Release|x64
		{1D6DB5BC-1C45-40F8-8186-59E287B2969E}.Release - DLL|x64.Build.0 = Release|x64
		{1D6DB5BC-1C45-40F8-8186-59E287B2969E}.Release - DLL|x86.ActiveCfg = Release|Win32
		{1D6DB5BC-1C45-40F8-8186-59E287B2969E}.Release - DLL|x86.Build.0 = Release|Win32
		{1D6DB5BC-1C45-40F8-8186-59E287B2969E}.Release|x64.ActiveCfg = Release|x64
		{1D6DB5BC-1C45-40F8-8186-59E287B2969E}.Release|x64.Build.0 = Release|x64
		{1D6DB5BC-1C45-40F8-8186-59E287B2969E}.Release|x86.ActiveCfg = Release|Win32
		{1D6DB5BC-1C45-40F8-8186-59E287B2969E}.Release|x86.Build.0 = Release|Win32
		{36BFFA64-884E-4771-B981-E0DF6400B350}.Debug|x64.ActiveCfg = Debug|x64
		{36BFFA64-884E-4771-B981-E0DF6400B350}.Debug|x64.Build.0 = Debug|x64
		{36BFFA64-884E-4771-B981-E0DF6400B350}.Debug|x86.ActiveCfg = Debug|Win32
		{36BFFA64-884E-4771-B981-E0DF6400B350}.Debug|x86.Build.0 = Debug|Win32
		{36BFFA64-884E-4771-B981-E0DF6400B350}.Debug-DLL|x64.ActiveCfg = Debug|x64
		{36BFFA64-884E-4771-B981-E0DF6400B350}.Debug-DLL|x64.Build.0 = Debug|x64
		{36BFFA64-884E-4771-B981-E0DF6400B350}.Debug-DLL|x86.ActiveCfg = Debug|Win32
		{36BFFA64-884E-4771-B981-E0DF6400B350}.Debug-DLL|x86.Build.0 = Debug|Win32
		{36BFFA64-884E-4771-B981-E0DF6400B350}.Release - DLL|x64.ActiveCfg = Release|x64
		{36BFFA64-884E-4771-B981-E0DF6400B350}.Release - DLL|x64.Build.0 = Release|x64
		{36BFFA64-884E-4771-B981-E0DF6400B350}.Release - DLL|x86.ActiveCfg = Release|Win32
		{36BFFA64-884E-4771-B981-E0DF6400B350}.Release - DLL|x86.Build.0 = Release|Win32
		{36BFFA64-884E-4771-B981-E0DF6400B350}.Release|x64.ActiveCfg = Release|x64
		{36BFFA64-884E-4771-B981-E0DF6400B350}.Release|x64.Build.0 = Release|x64
		{36BFFA64-884E-4771-B981-E0DF6400B350}.Release|x86.ActiveCfg = Release|Win32
		{36BFFA64-884E-4771-B981-E0DF6400B350}.Release|x86.Build.0 = Release|Win32
		{B4C23A7A-8708-479D-90E9-391008E44359}.Debug|x64.ActiveCfg = Debug|x64
		{B4C23A7A-8708-479D-90E9-391008E44359}.Debug|x64.Build.0 = Debug|x64
		{B4C23A7A-8708-479D-90E9-391008E44359}.Debug|x86.ActiveCfg = Debug|Win32
		{B4C23A7A-8708-479D-90E9-391008E44359}.Debug|x86.Build.0 = Debug|Win32
		{B4C23A7A-8708-479D-90E9-391008E44359}.Debug-DLL|x64.ActiveCfg = Debug|x64
		{B4C23A7A-8708-479D-90E9-391008E44359}.Debug-DLL|x64.Build.0 = Debug|x64
		{B4C23A7A-8708-479D-90E9-391008E44359}.Debug-DLL|x86.ActiveCfg = Debug|Win32
		{B4C23A7A-8708-479D-90E9-391008E44359}.Debug-DLL|x86.Build.0 = Debug|Win32
		{B4C23A7A-8708-479D-90E9-391008E44359}.Release - DLL|x64.ActiveCfg = Release|x64
		{B4C23A7A-8708-479D-90E9-391008E44359}.Release - DLL|x64.Build.0 = Release|x64
		{B4C23A7A-8708-479D-90E9-391008E44359}.Release - DLL|x86.ActiveCfg = Release|Win32
		{B4C23A7A-8708-479D-90E9-391008E44359}.Release - DLL|x86.Build.0 = Release|Win32
		{B4C23A7A-8708-479D-90E9-391008E44359}.Release|x64.ActiveCfg = Release|x64
		{B4C23A7A-8708-479D-90E9-391008E44359}.Release|x64.Build.0 = Release|x64
		{B4C23A7A-8708-479D-90E9-391008E44359}.Release|x86.ActiveCfg = Release|Win32
		{B4C23A7A-8708-479D-90E9-391008E44359}.Release|x86.Build.0 = Release|Win32
		{DA79BA39-63B1-47F2-8DB0-0C1E4A335AD3}.Debug|x64.ActiveCfg = Debug|x64
		{DA79BA39-63B1-47F2-8DB0-0C1E4A335AD3}.Debug|x64.Build.0 = Debug|x64
		{DA79BA39-63B1-47F2-8DB0-0C1E4A335AD3}.Debug|x86.ActiveCfg = Debug|Win32
		{DA79BA39-63B1-47F2-8DB0-0C1E4A335AD3}.Debug|x86.Build.0 = Debug|Win32
		{DA79BA39-63B1-47F2-8DB0-0C1E4A335AD3}.Debug-DLL|x64.ActiveCfg = Debug|x64
		{DA79BA39-63B1-47F2-8DB0-0C1E4A335AD3}.Debug-DLL|x64.Build.0 = Debug|x64
		{DA79BA39-63B1-47F2-8DB0-0C1E4A335AD3}.Debug-DLL|x86.ActiveCfg = Debug|Win32
		{DA79BA39-63B1-47F2-8DB0-0C1E4A335AD3}.Debug-DLL|x86.Build.0 = Debug|Win32
		{DA79BA39-63B1-47F2-8DB0-0C1E4A335AD3}.Release - DLL|x64.ActiveCfg = Release|x64
		{DA79BA39-63B1-47F2-8DB0-0C1E4A335AD3}.Release - DLL|x64.Build.0 = Release|x64
		{DA79BA39-63B1-47F2-8DB0-0C1E4A335AD3}.Release - DLL|x86.ActiveCfg = Release|Win32
		{DA79BA39-63B1-47F2-8DB0-0C1E4A335AD3}.Release - DLL|x86.Build.0 = Release|Win32
		{DA79BA39-63B1-47F2-8DB0-0C1E4A335AD3}.Release|x64.ActiveCfg = Release|x64
		{DA79BA39-63B1-47F2-8DB0-0C1E4A335AD3}.Release|x64.Build.0 = Release|x64
		{DA79BA39-63B1-47F2-8DB0-0C1E4A335AD3}.Release|x86.ActiveCfg = Release|Win32
		{DA79BA39-63B1-47F2-8DB0-0C1E4A335AD3}.Release|x86.Build.0 = Release|Win32
		{630441E4-9811-4111-B349-BE719DFA22E2}.Debug|x64.ActiveCfg = Debug|x64
		{630441E4-9811-4111-B349-BE719DFA22E2}.Debug|x64.Build.0 = Debug|x64
		{630441E4-9811-4111-B349-BE719DFA22E2}.Debug|x86.ActiveCfg = Debug|Win32
		{630441E4-9811-4111-B349-BE719DFA22E2}.Debug|x86.Build.0 = Debug|Win32
		{630441E4-9811-4111-B349-BE719DFA22E2}.Debug-DLL|x64.ActiveCfg = Debug|x64
		{630441E4-9811-4111-B349-BE719DFA22E2}.Debug-DLL|x64.Build.0 = Debug|x64
		{630441E4-9811-4111-B349-BE719DFA22E2}.Debug-DLL|x86.ActiveCfg = Debug|Win32
		{630441E4-9811-4111-B349-BE719DFA22E2}.Debug-DLL|x86.Build.0 = Debug|Win32
		{630441E4-9811-4111-B349-BE719DFA22E2}.Release - DLL|x64.ActiveCfg = Release|x64
		{630441E4-9811-4111-B349-BE719DFA22E2}.Release - DLL|x64.Build.0 = Release|x64
		{630441E4-9811-4111-B349-BE719DFA22E2}.Release - DLL|x86.ActiveCfg = Release|Win32
		{630441E4-9811-4111-B349-BE719DFA22E2}.Release - DLL|x86.Build.0 = Release|Win32
		{630441E4-9811-4111-B349-BE719DFA22E2}.Release|x64.ActiveCfg = Release|x64
		{630441E4-9811-4111-B349-BE719DFA22E2}.Release|x64.Build.0 = Release|x64
		{630441E4-9811-4111-B349-BE719DFA22E2}.Release|x86.ActiveCfg = Release|Win32
		{630441E4-9811-4111-B349-BE719DFA22E2}.Release|x86.Build.0 = Release|Win32
		{0B6DB588-9CB3-4B5A-9E76-3ECE19D3C129}.Debug|x64.ActiveCfg = Debug|x64
		{0B6DB588-9CB3-4B5A-9E76-3ECE19D3C129}.Debug|x64.Build.0 = Debug|x64
		{0B6DB588-9CB3-4B5A-9E76-3ECE19D3C129}.Debug|x86.ActiveCfg = Debug|Win32
		{0B6DB588-9CB3-4B5A-9E76-3ECE19D3C129}.Debug|x86.Build.0 = Debug|Win32
		{0B6DB588-9CB3-4B5A-9E76-3ECE19D3C129}.Debug-DLL|x64.ActiveCfg = Debug|x64
		{0B6DB588-9CB3-4B5A-9E76-3ECE19D3C129}.Debug-DLL|x64.Build.0 = Debug|x64
		{0B6DB588-9CB3-4B5A-9E76-3ECE19D3C129}.Debug-DLL|x86.ActiveCfg = Debug|Win32
		{0B6DB588-9CB3-4B5A-9E76-3ECE19D3C129}.Debug-DLL|x86.Build.0 = Debug|Win32
		{0B6DB588-9CB3-4B5A-9E76-3ECE19D3C129}.Release - DLL|x64.ActiveCfg = Release|x64
		{0B6DB588-9CB3-4B5A-9E76-3ECE19D3C129}.Release - DLL|x64.Build.0 = Release|x64
		{0B6DB588-9CB3-4B5A-9E76-3ECE19D3C129}.Release - DLL|x86.ActiveCfg = Release|Win32
		{0B6DB588-9CB3-4B5A-9E76-3ECE19D3C129}.Release - DLL|x86.Build.0 = Release|Win32
		{0B6DB588-9CB3-4B5A-9E76-3ECE19D3C129}.Release|x64.ActiveCfg = Release|x64
		{0B6DB588-9CB3-4B5A-9E76-3ECE19D3C129}.Release|x64.Build.0 = Release|x64
		{0B6DB588-9CB3-4B5A-9E76-3ECE19D3C129}.Release|x86.ActiveCfg = Release|Win32
		{0B6DB588-9CB3-4B5A-9E76-3ECE19D3C129}.Release|x86.Build.0 = Release|Win32
		{E2E6842B-439B-4098-8814-F506D27C959D}.Debug|x64.ActiveCfg = Debug|x64
		{E2E6842B-439B-4098-8814-F506D27C959D}.Debug|x64.Build.0 = Debug|x64
		{E2E6842B-439B-4098-8814-F506D27C959D}.Debug|x86.ActiveCfg = Debug|Win32
		{E2E6842B-439B-4098-8814-F506D27C959D}.Debug|x86.Build.0 = Debug|Win32
		{E2E6842B-439B-4098-8814-F506D27C959D}.Debug-DLL|x64.ActiveCfg = Debug|x64
		{E2E6842B-439B-4098-8814-F506D27C959D}.Debug-DLL|x64.Build.0 = Debug|x64
		{E2E6842B-439B-4098-8814-F506D27C959D}.Debug-DLL|x86.ActiveCfg = Debug|Win32
		{E2E6842B-439B-4098-8814-F506D27C959D}.Debug-DLL|x86.Build.0 = Debug|Win32
		{E2E6842B-439B-4098-8814-F506D27C959D}.Release - DLL|x64.ActiveCfg = Release|x64
		{E2E6842B-439B-4098-8814-F506D27C959D}.Release - DLL|x64.Build.0 = Release|x64
		{E2E6842B-439B-4098-8814-F506D27C959D}.Release - DLL|x86.ActiveCfg = Release|Win32
		{E2E6842B-439B-4098-8814-F506D27C959D}.Release - DLL|x86.Build.0 = Release|Win32
		{E2E6842B-439B-4098-8814-F506D27C959D}.Release|x64.ActiveCfg = Release|x64
		{E2E6842B-439B-4098-8814-F506D27C959D}.Release|x64.Build.0 = Release|x64
		{E2E6842B-439B-4098-8814-F506D27C959D}.Release|x86.ActiveCfg = Release|Win32
		{E2E6842B-439B-4098-8814-F506D27C959D}.Release|x86.Build.0 = Release|Win32
		{7D9B9A2C-5F31-4A06-802D-DDC6717D7305}.Debug|x64.ActiveCfg = Debug|x64
		{7D9B9A2C-5F31-4A06-802D-DDC6717D7305}.Debug|x64.Build.0 = Debug|x64
		{7D9B9A2C-5F31-4A06-802D-DDC6717D7305}.Debug|x86.ActiveCfg = Debug|Win32
		{7D9B9A2C-5F31-4A06-802D-DDC6717D7305}.Debug|x86.Build.0 = Debug|Win32
		{7D9B9A2C-5F31-4A06-802D-DDC6717D7305}.Debug-DLL|x64.ActiveCfg = Debug|x64
		{7D9B9A2C-5F31-4A06-802D-DDC6717D7305}.Debug-DLL|x64.Build.0 = Debug|x64
		{7D9B9A2C-5F31-4A06-802D-DDC6717D7305}.Debug-DLL|x86.ActiveCfg = Debug|Win32
		{7D9B9A2C-5F31-4A06-802D-DDC6717D7305}.Debug-DLL|x86.Build.0 = Debug|Win32
		{7D9B9A2C-5F31-4A06-802D-DDC6717D7305}.Release - DLL|x64.ActiveCfg = Release|x64
		{7D9B9A2C-5F31-4A06-802D-DDC6717D7305}.Release - DLL|x64.Build.0 = Release|x64
		{7D9B9A2C-5F31-4A06-802D-DDC6717D7305}.Release - DLL|x86.ActiveCfg = Release|Win32
		{7D9B9A2C-5F31-4A06-802D-DDC6717D7305}.Release - DLL|x86.Build.0 = Release|Win32
		{7D9B9A2C-5F31-4A06-802D-DDC6717D7305}.Release|x64.ActiveCfg = Release|x64
		{7D9B9A2C-5F31-4A06-802D-DDC6717D7305}.Release|x64.Build.0 = Release|x64
		{7D9B9A2C-5F31-4A06-802D-DDC6717D7305}.Release|x86.ActiveCfg = Release|Win32
		{7D9B9A2C-5F31-4A06-802D-DDC6717D7305}.Release|x86.Build.0 = Release|Win32
		{809B3870-0CEE-47AB-A44B-C5A0ED3002D9}.Debug|x64.ActiveCfg = Debug|x64
		{809B3870-0CEE-47AB-A44B-C5A0ED3002D9}.Debug|x64.Build.0 = Debug|x64
		{809B3870-0CEE-47AB-A44B-C5A0ED3002D9}.Debug|x86.ActiveCfg = Debug|Win32
		{809B3870-0CEE-47AB-A44B-C5A0ED3002D9}.Debug|x86.Build.0 = Debug|Win32
		{809B3870-0CEE-47AB-A44B-C5A0ED3002D9}.Debug-DLL|x64.ActiveCfg = Debug|x64
		{809B3870-0CEE-47AB-A44B-C5A0ED3002D9}.Debug-DLL|x64.Build.0 = Debug|x64
		{809B3870-0CEE-47AB-A44B-C5A0ED3002D9}.Debug-DLL|x86.ActiveCfg = Debug|Win32
		{809B3870-0CEE-47AB-A44B-C5A0ED3002D9}.Debug-DLL|x86.Build.0 = Debug|Win32
		{809B3870-0CEE-47AB-A44B-C5A0ED3002D9}.Release - DLL|x64.ActiveCfg = Release|x64
		{809B3870-0CEE-47AB-A44B-C5A0ED3002D9}.Release - DLL|x64.Build.0 = Release|x64
		{809B3870-0CEE-47AB-A44B-C5A0ED3002D9}.Release - DLL|x86.ActiveCfg = Release|Win32
		{809B3870-0CEE-47AB-A44B-C5A0ED3002D9}.Release - DLL|x86.Build.0 = Release|Win32
		{809B3870-0CEE-47AB-A44B-C5A0ED3002D9}.Release|x64.ActiveCfg = Release|x64
		{809B3870-0CEE-47AB-A44B-C5A0ED3002D9}.Release|x64.Build.0 = Release|x64
		{809B3870-0CEE-47AB-A44B-C5A0ED3002D9}.Release|x86.ActiveCfg = Release|Win32
		{809B3870-0CEE-47AB-A44B-C5A0ED3002D9}.Release|x86.Build.0 = Release|Win32
		{594BE315-4C31-4861-B170-00324581E55A}.Debug|x64.ActiveCfg = Debug|x64
		{594BE315-4C31-4861-B170-00324581E55A}.Debug|x64.Build.0 = Debug|x64
		{594BE315-4C31-4861-B170-00324581E55A}.Debug|x86.ActiveCfg = Debug|Win32
		{594BE315-4C31-4861-B170-00324581E55A}.Debug|x86.Build.0 = Debug|Win32
		{594BE315-4C31-4861-B170-00324581E55A}.Debug-DLL|x64.ActiveCfg = Debug|x64
		{594BE315-4C31-4861-B170-00324581E55A}.Debug-DLL|x64.Build.0 = Debug|x64
		{594BE315-4C31-4861-B170-00324581E55A}.Debug-DLL|x86.ActiveCfg = Debug|Win32
		{594BE315-4C31-4861-B170-00324581E55A}.Debug-DLL|x86.Build.0 = Debug|Win32
		{594BE315-4C31-4861-B170-00324581E55A}.Release - DLL|x64.ActiveCfg = Release|x64
		{594BE315-4C31-4861-B170-00324581E55A}.Release - DLL|x64.Build.0 = Release|x64
		{594BE315-4C31-4861-B170-00324581E55A}.Release - DLL|x86.ActiveCfg = Release|Win32
		{594BE315-4C31-4861-B170-00324581E55A}.Release - DLL|x86.Build.0 = Release|Win32
		{594BE315-4C31-4861-B170-00324581E55A}.Release|x64.ActiveCfg = Release|x64
		{594BE315-4C31-4861-B170-00324581E55A}.Release|x64.Build.0 = Release|x64
		{594BE315-4C31-4861-B170-00324581E55A}.Release|x86.ActiveCfg = Release|Win32
		{594BE315-4C31-4861-B170-00324581E55A}.Release|x86.Build.0 = Release|Win32
		{86A7605E-B698-42DC-B621-5E6D44797DE1}.Debug|x64.ActiveCfg = Debug|x64
		{86A7605E-B698-42DC-B621-5E6D44797DE1}.Debug|x64.Build.0 = Debug|x64
		{86A7605E-B698-42DC-B621-5E6D44797DE1}.Debug|x86.ActiveCfg = Debug|Win32
		{86A7605E-B698-42DC-B621-5E6D44797DE1}.Debug|x86.Build.0 = Debug|Win32
		{86A7605E-B698-42DC-B621-5E6D44797DE1}.Debug-DLL|x64.ActiveCfg = Debug|x64
		{86A7605E-B698-42DC-B621-5E6D44797DE1}.Debug-DLL|x64.Build.0 = Debug|x64
		{86A7605E-B698-42DC-B621-5E6D44797DE1}.Debug-DLL|x86.ActiveCfg = Debug|Win32
		{86A7605E-B698-42DC-B621-5E6D44797DE1}.Debug-DLL|x86.Build.0 = Debug|Win32
		{86A7605E-B698-42DC-B621-5E6D44797DE1}.Release - DLL|x64.ActiveCfg = Release|x64
		{86A7605E-B698-42DC-B621-5E6D44797DE1}.Release - DLL|x64.Build.0 = Release|x64
		{86A7605E-B698-42DC-B621-5E6D44797DE1}.Release - DLL|x86.ActiveCfg = Release|Win32
		{86A7605E-B698-42DC-B621-5E6D44797DE1}.Release - DLL|x86.Build.0 = Release|Win32
		{86A7605E-B698-42DC-B621-5E6D44797DE1}.Release|x64.ActiveCfg = Release|x64
		{86A7605E-B698-42DC-B621-5E6D44797DE1}.Release|x64.Build.0 = Release|x64
		{86A7605E-B698-42DC-B621-5E6D44797DE1}.Release|x86.ActiveCfg = Release|Win32
		{86A7605E-B698-42DC-B621-5E6D44797DE1}.Release|x86.Build.0 = Release|Win32
	EndGlobalSection
	GlobalSection(SolutionProperties) = preSolution
		HideSolutionNode = FALSE
	EndGlobalSection
	GlobalSection(ExtensibilityGlobals) = postSolution
		SolutionGuid = {B95DC440-EEA0-4564-BC25-691C18F649C4}
	EndGlobalSection
EndGlobal
