
Microsoft Visual Studio Solution File, Format Version 12.00
# Visual Studio Version 17
VisualStudioVersion = 17.12.35527.113
MinimumVisualStudioVersion = 10.0.40219.1
Project("{8BC9CEB8-8B4A-11D0-8D11-00A0C91BC942}") = "TestCommon", "TestCommon\TestCommon.vcxproj", "{837F1B9F-D28B-4917-A63E-04BF74C670FD}"
EndProject
Project("{8BC9CEB8-8B4A-11D0-8D11-00A0C91BC942}") = "Devices", "Devices\Devices.vcxproj", "{A41DA0B9-0EF5-4EA1-9D04-047F4AC827B5}"
EndProject
Project("{8BC9CEB8-8B4A-11D0-8D11-00A0C91BC942}") = "DevicesTest01", "DevicesTest01\DevicesTest01.vcxproj", "{5C785349-079C-45A0-9D06-458BA2B76DF7}"
EndProject
Project("{8BC9CEB8-8B4A-11D0-8D11-00A0C91BC942}") = "DevicesTest00", "DevicesTest00\DevicesTest00.vcxproj", "{9FEAEE98-FA16-4825-8B66-D7C4469B4115}"
EndProject
Project("{8BC9CEB8-8B4A-11D0-8D11-00A0C91BC942}") = "DevicesTest02", "DevicesTest02\DevicesTest02.vcxproj", "{E3B3E36C-7D0E-4EDC-8EE9-B6A589AF5714}"
EndProject
Project("{8BC9CEB8-8B4A-11D0-8D11-00A0C91BC942}") = "DevicesTest03", "DevicesTest03\DevicesTest03.vcxproj", "{367643B9-95F0-41D5-A7A4-7B4A392245DD}"
EndProject
Project("{8BC9CEB8-8B4A-11D0-8D11-00A0C91BC942}") = "DevicesTest04", "DevicesTest04\DevicesTest04.vcxproj", "{7F9410CD-0F66-4CA9-9D8C-EA0509C5DBD3}"
EndProject
Project("{8BC9CEB8-8B4A-11D0-8D11-00A0C91BC942}") = "DevicesTest05", "DevicesTest05\DevicesTest05.vcxproj", "{7EA2F919-A3D5-4068-811C-D89A775125D2}"
EndProject
Project("{8BC9CEB8-8B4A-11D0-8D11-00A0C91BC942}") = "DevicesTest06", "DevicesTest06\DevicesTest06.vcxproj", "{3365C7C5-615A-4C75-A737-9D71763A226A}"
EndProject
Project("{8BC9CEB8-8B4A-11D0-8D11-00A0C91BC942}") = "DevicesTest07", "DevicesTest07\DevicesTest07.vcxproj", "{3C5CAF41-20CF-4B15-92FC-E4B27768FE25}"
EndProject
Project("{8BC9CEB8-8B4A-11D0-8D11-00A0C91BC942}") = "DevicesTest08", "DevicesTest08\DevicesTest08.vcxproj", "{F77D279F-5DE2-475E-AE14-5E0A3AF0B771}"
EndProject
Project("{8BC9CEB8-8B4A-11D0-8D11-00A0C91BC942}") = "DevicesTest09", "DevicesTest09\DevicesTest09.vcxproj", "{9064A170-B768-4E3B-B66C-AF979E063F58}"
EndProject
Project("{8BC9CEB8-8B4A-11D0-8D11-00A0C91BC942}") = "DevicesTest10", "DevicesTest10\DevicesTest10.vcxproj", "{A9BD67A4-AA58-4FA1-91A7-E6D921ECFD2D}"
EndProject
Project("{8BC9CEB8-8B4A-11D0-8D11-00A0C91BC942}") = "DevicesTest11", "DevicesTest11\DevicesTest11.vcxproj", "{F3F329D1-B037-4E8D-82F6-41CBD7E2D563}"
EndProject
Project("{8BC9CEB8-8B4A-11D0-8D11-00A0C91BC942}") = "DevicesTest12", "DevicesTest12\DevicesTest12.vcxproj", "{E0A236E7-F27D-49A2-8DA5-ADF57D6572AB}"
EndProject
Project("{8BC9CEB8-8B4A-11D0-8D11-00A0C91BC942}") = "DevicesTest13", "DevicesTest13\DevicesTest13.vcxproj", "{2984A583-52B9-467C-8D67-C8211A7CE43E}"
EndProject
Project("{8BC9CEB8-8B4A-11D0-8D11-00A0C91BC942}") = "DevicesTest14", "DevicesTest14\DevicesTest14.vcxproj", "{3E9FAF38-7F8E-4F5F-B2B1-B5648E62BF90}"
EndProject
Project("{8BC9CEB8-8B4A-11D0-8D11-00A0C91BC942}") = "DevicesTest15", "DevicesTest15\DevicesTest15.vcxproj", "{9E08DB9B-8A17-4CE5-BC7A-DA52CD3B4585}"
EndProject
Project("{8BC9CEB8-8B4A-11D0-8D11-00A0C91BC942}") = "DevicesTest16", "DevicesTest16\DevicesTest16.vcxproj", "{04E3581B-F4BB-4DB1-A280-85F7C955C5D4}"
EndProject
Project("{8BC9CEB8-8B4A-11D0-8D11-00A0C91BC942}") = "DevicesTest17", "DevicesTest17\DevicesTest17.vcxproj", "{F31EBF16-FC5F-4C94-AAAC-6EB3D36CE8A8}"
EndProject
Project("{8BC9CEB8-8B4A-11D0-8D11-00A0C91BC942}") = "DevicesTest18", "DevicesTest18\DevicesTest18.vcxproj", "{85EC7D4F-D881-4EC7-AFA2-1C4961D13351}"
EndProject
Project("{8BC9CEB8-8B4A-11D0-8D11-00A0C91BC942}") = "DevicesTest19", "DevicesTest19\DevicesTest19.vcxproj", "{1E7445A2-0587-4E08-A915-8AE55ACA03F9}"
EndProject
Project("{8BC9CEB8-8B4A-11D0-8D11-00A0C91BC942}") = "DevicesTest20", "DevicesTest20\DevicesTest20.vcxproj", "{D34362EB-D4C5-4912-BEB7-BB36088F36E9}"
EndProject
Project("{8BC9CEB8-8B4A-11D0-8D11-00A0C91BC942}") = "DevicesTest21", "DevicesTest21\DevicesTest21.vcxproj", "{A0FF504D-2C88-4F09-AC55-4762B3E72CB4}"
EndProject
Global
	GlobalSection(SolutionConfigurationPlatforms) = preSolution
		Debug|ARM64 = Debug|ARM64
		Debug|x64 = Debug|x64
		Debug|x86 = Debug|x86
		Release|ARM64 = Release|ARM64
		Release|x64 = Release|x64
		Release|x86 = Release|x86
	EndGlobalSection
	GlobalSection(ProjectConfigurationPlatforms) = postSolution
		{837F1B9F-D28B-4917-A63E-04BF74C670FD}.Debug|ARM64.ActiveCfg = Debug|ARM64
		{837F1B9F-D28B-4917-A63E-04BF74C670FD}.Debug|ARM64.Build.0 = Debug|ARM64
		{837F1B9F-D28B-4917-A63E-04BF74C670FD}.Debug|x64.ActiveCfg = Debug|x64
		{837F1B9F-D28B-4917-A63E-04BF74C670FD}.Debug|x64.Build.0 = Debug|x64
		{837F1B9F-D28B-4917-A63E-04BF74C670FD}.Debug|x86.ActiveCfg = Debug|Win32
		{837F1B9F-D28B-4917-A63E-04BF74C670FD}.Debug|x86.Build.0 = Debug|Win32
		{837F1B9F-D28B-4917-A63E-04BF74C670FD}.Release|ARM64.ActiveCfg = Release|ARM64
		{837F1B9F-D28B-4917-A63E-04BF74C670FD}.Release|ARM64.Build.0 = Release|ARM64
		{837F1B9F-D28B-4917-A63E-04BF74C670FD}.Release|x64.ActiveCfg = Release|x64
		{837F1B9F-D28B-4917-A63E-04BF74C670FD}.Release|x64.Build.0 = Release|x64
		{837F1B9F-D28B-4917-A63E-04BF74C670FD}.Release|x86.ActiveCfg = Release|Win32
		{837F1B9F-D28B-4917-A63E-04BF74C670FD}.Release|x86.Build.0 = Release|Win32
		{A41DA0B9-0EF5-4EA1-9D04-047F4AC827B5}.Debug|ARM64.ActiveCfg = Debug|ARM64
		{A41DA0B9-0EF5-4EA1-9D04-047F4AC827B5}.Debug|ARM64.Build.0 = Debug|ARM64
		{A41DA0B9-0EF5-4EA1-9D04-047F4AC827B5}.Debug|x64.ActiveCfg = Debug|x64
		{A41DA0B9-0EF5-4EA1-9D04-047F4AC827B5}.Debug|x64.Build.0 = Debug|x64
		{A41DA0B9-0EF5-4EA1-9D04-047F4AC827B5}.Debug|x86.ActiveCfg = Debug|Win32
		{A41DA0B9-0EF5-4EA1-9D04-047F4AC827B5}.Debug|x86.Build.0 = Debug|Win32
		{A41DA0B9-0EF5-4EA1-9D04-047F4AC827B5}.Release|ARM64.ActiveCfg = Release|ARM64
		{A41DA0B9-0EF5-4EA1-9D04-047F4AC827B5}.Release|ARM64.Build.0 = Release|ARM64
		{A41DA0B9-0EF5-4EA1-9D04-047F4AC827B5}.Release|x64.ActiveCfg = Release|x64
		{A41DA0B9-0EF5-4EA1-9D04-047F4AC827B5}.Release|x64.Build.0 = Release|x64
		{A41DA0B9-0EF5-4EA1-9D04-047F4AC827B5}.Release|x86.ActiveCfg = Release|Win32
		{A41DA0B9-0EF5-4EA1-9D04-047F4AC827B5}.Release|x86.Build.0 = Release|Win32
		{5C785349-079C-45A0-9D06-458BA2B76DF7}.Debug|ARM64.ActiveCfg = Debug|ARM64
		{5C785349-079C-45A0-9D06-458BA2B76DF7}.Debug|ARM64.Build.0 = Debug|ARM64
		{5C785349-079C-45A0-9D06-458BA2B76DF7}.Debug|x64.ActiveCfg = Debug|x64
		{5C785349-079C-45A0-9D06-458BA2B76DF7}.Debug|x64.Build.0 = Debug|x64
		{5C785349-079C-45A0-9D06-458BA2B76DF7}.Debug|x86.ActiveCfg = Debug|Win32
		{5C785349-079C-45A0-9D06-458BA2B76DF7}.Debug|x86.Build.0 = Debug|Win32
		{5C785349-079C-45A0-9D06-458BA2B76DF7}.Release|ARM64.ActiveCfg = Release|ARM64
		{5C785349-079C-45A0-9D06-458BA2B76DF7}.Release|ARM64.Build.0 = Release|ARM64
		{5C785349-079C-45A0-9D06-458BA2B76DF7}.Release|x64.ActiveCfg = Release|x64
		{5C785349-079C-45A0-9D06-458BA2B76DF7}.Release|x64.Build.0 = Release|x64
		{5C785349-079C-45A0-9D06-458BA2B76DF7}.Release|x86.ActiveCfg = Release|Win32
		{5C785349-079C-45A0-9D06-458BA2B76DF7}.Release|x86.Build.0 = Release|Win32
		{9FEAEE98-FA16-4825-8B66-D7C4469B4115}.Debug|ARM64.ActiveCfg = Debug|ARM64
		{9FEAEE98-FA16-4825-8B66-D7C4469B4115}.Debug|ARM64.Build.0 = Debug|ARM64
		{9FEAEE98-FA16-4825-8B66-D7C4469B4115}.Debug|x64.ActiveCfg = Debug|x64
		{9FEAEE98-FA16-4825-8B66-D7C4469B4115}.Debug|x64.Build.0 = Debug|x64
		{9FEAEE98-FA16-4825-8B66-D7C4469B4115}.Debug|x86.ActiveCfg = Debug|Win32
		{9FEAEE98-FA16-4825-8B66-D7C4469B4115}.Debug|x86.Build.0 = Debug|Win32
		{9FEAEE98-FA16-4825-8B66-D7C4469B4115}.Release|ARM64.ActiveCfg = Release|ARM64
		{9FEAEE98-FA16-4825-8B66-D7C4469B4115}.Release|ARM64.Build.0 = Release|ARM64
		{9FEAEE98-FA16-4825-8B66-D7C4469B4115}.Release|x64.ActiveCfg = Release|x64
		{9FEAEE98-FA16-4825-8B66-D7C4469B4115}.Release|x64.Build.0 = Release|x64
		{9FEAEE98-FA16-4825-8B66-D7C4469B4115}.Release|x86.ActiveCfg = Release|Win32
		{9FEAEE98-FA16-4825-8B66-D7C4469B4115}.Release|x86.Build.0 = Release|Win32
		{E3B3E36C-7D0E-4EDC-8EE9-B6A589AF5714}.Debug|ARM64.ActiveCfg = Debug|ARM64
		{E3B3E36C-7D0E-4EDC-8EE9-B6A589AF5714}.Debug|ARM64.Build.0 = Debug|ARM64
		{E3B3E36C-7D0E-4EDC-8EE9-B6A589AF5714}.Debug|x64.ActiveCfg = Debug|x64
		{E3B3E36C-7D0E-4EDC-8EE9-B6A589AF5714}.Debug|x64.Build.0 = Debug|x64
		{E3B3E36C-7D0E-4EDC-8EE9-B6A589AF5714}.Debug|x86.ActiveCfg = Debug|Win32
		{E3B3E36C-7D0E-4EDC-8EE9-B6A589AF5714}.Debug|x86.Build.0 = Debug|Win32
		{E3B3E36C-7D0E-4EDC-8EE9-B6A589AF5714}.Release|ARM64.ActiveCfg = Release|ARM64
		{E3B3E36C-7D0E-4EDC-8EE9-B6A589AF5714}.Release|ARM64.Build.0 = Release|ARM64
		{E3B3E36C-7D0E-4EDC-8EE9-B6A589AF5714}.Release|x64.ActiveCfg = Release|x64
		{E3B3E36C-7D0E-4EDC-8EE9-B6A589AF5714}.Release|x64.Build.0 = Release|x64
		{E3B3E36C-7D0E-4EDC-8EE9-B6A589AF5714}.Release|x86.ActiveCfg = Release|Win32
		{E3B3E36C-7D0E-4EDC-8EE9-B6A589AF5714}.Release|x86.Build.0 = Release|Win32
		{367643B9-95F0-41D5-A7A4-7B4A392245DD}.Debug|ARM64.ActiveCfg = Debug|ARM64
		{367643B9-95F0-41D5-A7A4-7B4A392245DD}.Debug|ARM64.Build.0 = Debug|ARM64
		{367643B9-95F0-41D5-A7A4-7B4A392245DD}.Debug|x64.ActiveCfg = Debug|x64
		{367643B9-95F0-41D5-A7A4-7B4A392245DD}.Debug|x64.Build.0 = Debug|x64
		{367643B9-95F0-41D5-A7A4-7B4A392245DD}.Debug|x86.ActiveCfg = Debug|Win32
		{367643B9-95F0-41D5-A7A4-7B4A392245DD}.Debug|x86.Build.0 = Debug|Win32
		{367643B9-95F0-41D5-A7A4-7B4A392245DD}.Release|ARM64.ActiveCfg = Release|ARM64
		{367643B9-95F0-41D5-A7A4-7B4A392245DD}.Release|ARM64.Build.0 = Release|ARM64
		{367643B9-95F0-41D5-A7A4-7B4A392245DD}.Release|x64.ActiveCfg = Release|x64
		{367643B9-95F0-41D5-A7A4-7B4A392245DD}.Release|x64.Build.0 = Release|x64
		{367643B9-95F0-41D5-A7A4-7B4A392245DD}.Release|x86.ActiveCfg = Release|Win32
		{367643B9-95F0-41D5-A7A4-7B4A392245DD}.Release|x86.Build.0 = Release|Win32
		{7F9410CD-0F66-4CA9-9D8C-EA0509C5DBD3}.Debug|ARM64.ActiveCfg = Debug|ARM64
		{7F9410CD-0F66-4CA9-9D8C-EA0509C5DBD3}.Debug|ARM64.Build.0 = Debug|ARM64
		{7F9410CD-0F66-4CA9-9D8C-EA0509C5DBD3}.Debug|x64.ActiveCfg = Debug|x64
		{7F9410CD-0F66-4CA9-9D8C-EA0509C5DBD3}.Debug|x64.Build.0 = Debug|x64
		{7F9410CD-0F66-4CA9-9D8C-EA0509C5DBD3}.Debug|x86.ActiveCfg = Debug|Win32
		{7F9410CD-0F66-4CA9-9D8C-EA0509C5DBD3}.Debug|x86.Build.0 = Debug|Win32
		{7F9410CD-0F66-4CA9-9D8C-EA0509C5DBD3}.Release|ARM64.ActiveCfg = Release|ARM64
		{7F9410CD-0F66-4CA9-9D8C-EA0509C5DBD3}.Release|ARM64.Build.0 = Release|ARM64
		{7F9410CD-0F66-4CA9-9D8C-EA0509C5DBD3}.Release|x64.ActiveCfg = Release|x64
		{7F9410CD-0F66-4CA9-9D8C-EA0509C5DBD3}.Release|x64.Build.0 = Release|x64
		{7F9410CD-0F66-4CA9-9D8C-EA0509C5DBD3}.Release|x86.ActiveCfg = Release|Win32
		{7F9410CD-0F66-4CA9-9D8C-EA0509C5DBD3}.Release|x86.Build.0 = Release|Win32
		{7EA2F919-A3D5-4068-811C-D89A775125D2}.Debug|ARM64.ActiveCfg = Debug|ARM64
		{7EA2F919-A3D5-4068-811C-D89A775125D2}.Debug|ARM64.Build.0 = Debug|ARM64
		{7EA2F919-A3D5-4068-811C-D89A775125D2}.Debug|x64.ActiveCfg = Debug|x64
		{7EA2F919-A3D5-4068-811C-D89A775125D2}.Debug|x64.Build.0 = Debug|x64
		{7EA2F919-A3D5-4068-811C-D89A775125D2}.Debug|x86.ActiveCfg = Debug|Win32
		{7EA2F919-A3D5-4068-811C-D89A775125D2}.Debug|x86.Build.0 = Debug|Win32
		{7EA2F919-A3D5-4068-811C-D89A775125D2}.Release|ARM64.ActiveCfg = Release|ARM64
		{7EA2F919-A3D5-4068-811C-D89A775125D2}.Release|ARM64.Build.0 = Release|ARM64
		{7EA2F919-A3D5-4068-811C-D89A775125D2}.Release|x64.ActiveCfg = Release|x64
		{7EA2F919-A3D5-4068-811C-D89A775125D2}.Release|x64.Build.0 = Release|x64
		{7EA2F919-A3D5-4068-811C-D89A775125D2}.Release|x86.ActiveCfg = Release|Win32
		{7EA2F919-A3D5-4068-811C-D89A775125D2}.Release|x86.Build.0 = Release|Win32
		{3365C7C5-615A-4C75-A737-9D71763A226A}.Debug|ARM64.ActiveCfg = Debug|ARM64
		{3365C7C5-615A-4C75-A737-9D71763A226A}.Debug|ARM64.Build.0 = Debug|ARM64
		{3365C7C5-615A-4C75-A737-9D71763A226A}.Debug|x64.ActiveCfg = Debug|x64
		{3365C7C5-615A-4C75-A737-9D71763A226A}.Debug|x64.Build.0 = Debug|x64
		{3365C7C5-615A-4C75-A737-9D71763A226A}.Debug|x86.ActiveCfg = Debug|Win32
		{3365C7C5-615A-4C75-A737-9D71763A226A}.Debug|x86.Build.0 = Debug|Win32
		{3365C7C5-615A-4C75-A737-9D71763A226A}.Release|ARM64.ActiveCfg = Release|ARM64
		{3365C7C5-615A-4C75-A737-9D71763A226A}.Release|ARM64.Build.0 = Release|ARM64
		{3365C7C5-615A-4C75-A737-9D71763A226A}.Release|x64.ActiveCfg = Release|x64
		{3365C7C5-615A-4C75-A737-9D71763A226A}.Release|x64.Build.0 = Release|x64
		{3365C7C5-615A-4C75-A737-9D71763A226A}.Release|x86.ActiveCfg = Release|Win32
		{3365C7C5-615A-4C75-A737-9D71763A226A}.Release|x86.Build.0 = Release|Win32
		{3C5CAF41-20CF-4B15-92FC-E4B27768FE25}.Debug|ARM64.ActiveCfg = Debug|ARM64
		{3C5CAF41-20CF-4B15-92FC-E4B27768FE25}.Debug|ARM64.Build.0 = Debug|ARM64
		{3C5CAF41-20CF-4B15-92FC-E4B27768FE25}.Debug|x64.ActiveCfg = Debug|x64
		{3C5CAF41-20CF-4B15-92FC-E4B27768FE25}.Debug|x64.Build.0 = Debug|x64
		{3C5CAF41-20CF-4B15-92FC-E4B27768FE25}.Debug|x86.ActiveCfg = Debug|Win32
		{3C5CAF41-20CF-4B15-92FC-E4B27768FE25}.Debug|x86.Build.0 = Debug|Win32
		{3C5CAF41-20CF-4B15-92FC-E4B27768FE25}.Release|ARM64.ActiveCfg = Release|ARM64
		{3C5CAF41-20CF-4B15-92FC-E4B27768FE25}.Release|ARM64.Build.0 = Release|ARM64
		{3C5CAF41-20CF-4B15-92FC-E4B27768FE25}.Release|x64.ActiveCfg = Release|x64
		{3C5CAF41-20CF-4B15-92FC-E4B27768FE25}.Release|x64.Build.0 = Release|x64
		{3C5CAF41-20CF-4B15-92FC-E4B27768FE25}.Release|x86.ActiveCfg = Release|Win32
		{3C5CAF41-20CF-4B15-92FC-E4B27768FE25}.Release|x86.Build.0 = Release|Win32
		{F77D279F-5DE2-475E-AE14-5E0A3AF0B771}.Debug|ARM64.ActiveCfg = Debug|ARM64
		{F77D279F-5DE2-475E-AE14-5E0A3AF0B771}.Debug|ARM64.Build.0 = Debug|ARM64
		{F77D279F-5DE2-475E-AE14-5E0A3AF0B771}.Debug|x64.ActiveCfg = Debug|x64
		{F77D279F-5DE2-475E-AE14-5E0A3AF0B771}.Debug|x64.Build.0 = Debug|x64
		{F77D279F-5DE2-475E-AE14-5E0A3AF0B771}.Debug|x86.ActiveCfg = Debug|Win32
		{F77D279F-5DE2-475E-AE14-5E0A3AF0B771}.Debug|x86.Build.0 = Debug|Win32
		{F77D279F-5DE2-475E-AE14-5E0A3AF0B771}.Release|ARM64.ActiveCfg = Release|ARM64
		{F77D279F-5DE2-475E-AE14-5E0A3AF0B771}.Release|ARM64.Build.0 = Release|ARM64
		{F77D279F-5DE2-475E-AE14-5E0A3AF0B771}.Release|x64.ActiveCfg = Release|x64
		{F77D279F-5DE2-475E-AE14-5E0A3AF0B771}.Release|x64.Build.0 = Release|x64
		{F77D279F-5DE2-475E-AE14-5E0A3AF0B771}.Release|x86.ActiveCfg = Release|Win32
		{F77D279F-5DE2-475E-AE14-5E0A3AF0B771}.Release|x86.Build.0 = Release|Win32
		{9064A170-B768-4E3B-B66C-AF979E063F58}.Debug|ARM64.ActiveCfg = Debug|ARM64
		{9064A170-B768-4E3B-B66C-AF979E063F58}.Debug|ARM64.Build.0 = Debug|ARM64
		{9064A170-B768-4E3B-B66C-AF979E063F58}.Debug|x64.ActiveCfg = Debug|x64
		{9064A170-B768-4E3B-B66C-AF979E063F58}.Debug|x64.Build.0 = Debug|x64
		{9064A170-B768-4E3B-B66C-AF979E063F58}.Debug|x86.ActiveCfg = Debug|Win32
		{9064A170-B768-4E3B-B66C-AF979E063F58}.Debug|x86.Build.0 = Debug|Win32
		{9064A170-B768-4E3B-B66C-AF979E063F58}.Release|ARM64.ActiveCfg = Release|ARM64
		{9064A170-B768-4E3B-B66C-AF979E063F58}.Release|ARM64.Build.0 = Release|ARM64
		{9064A170-B768-4E3B-B66C-AF979E063F58}.Release|x64.ActiveCfg = Release|x64
		{9064A170-B768-4E3B-B66C-AF979E063F58}.Release|x64.Build.0 = Release|x64
		{9064A170-B768-4E3B-B66C-AF979E063F58}.Release|x86.ActiveCfg = Release|Win32
		{9064A170-B768-4E3B-B66C-AF979E063F58}.Release|x86.Build.0 = Release|Win32
		{A9BD67A4-AA58-4FA1-91A7-E6D921ECFD2D}.Debug|ARM64.ActiveCfg = Debug|ARM64
		{A9BD67A4-AA58-4FA1-91A7-E6D921ECFD2D}.Debug|ARM64.Build.0 = Debug|ARM64
		{A9BD67A4-AA58-4FA1-91A7-E6D921ECFD2D}.Debug|x64.ActiveCfg = Debug|x64
		{A9BD67A4-AA58-4FA1-91A7-E6D921ECFD2D}.Debug|x64.Build.0 = Debug|x64
		{A9BD67A4-AA58-4FA1-91A7-E6D921ECFD2D}.Debug|x86.ActiveCfg = Debug|Win32
		{A9BD67A4-AA58-4FA1-91A7-E6D921ECFD2D}.Debug|x86.Build.0 = Debug|Win32
		{A9BD67A4-AA58-4FA1-91A7-E6D921ECFD2D}.Release|ARM64.ActiveCfg = Release|ARM64
		{A9BD67A4-AA58-4FA1-91A7-E6D921ECFD2D}.Release|ARM64.Build.0 = Release|ARM64
		{A9BD67A4-AA58-4FA1-91A7-E6D921ECFD2D}.Release|x64.ActiveCfg = Release|x64
		{A9BD67A4-AA58-4FA1-91A7-E6D921ECFD2D}.Release|x64.Build.0 = Release|x64
		{A9BD67A4-AA58-4FA1-91A7-E6D921ECFD2D}.Release|x86.ActiveCfg = Release|Win32
		{A9BD67A4-AA58-4FA1-91A7-E6D921ECFD2D}.Release|x86.Build.0 = Release|Win32
		{F3F329D1-B037-4E8D-82F6-41CBD7E2D563}.Debug|ARM64.ActiveCfg = Debug|ARM64
		{F3F329D1-B037-4E8D-82F6-41CBD7E2D563}.Debug|ARM64.Build.0 = Debug|ARM64
		{F3F329D1-B037-4E8D-82F6-41CBD7E2D563}.Debug|x64.ActiveCfg = Debug|x64
		{F3F329D1-B037-4E8D-82F6-41CBD7E2D563}.Debug|x64.Build.0 = Debug|x64
		{F3F329D1-B037-4E8D-82F6-41CBD7E2D563}.Debug|x86.ActiveCfg = Debug|Win32
		{F3F329D1-B037-4E8D-82F6-41CBD7E2D563}.Debug|x86.Build.0 = Debug|Win32
		{F3F329D1-B037-4E8D-82F6-41CBD7E2D563}.Release|ARM64.ActiveCfg = Release|ARM64
		{F3F329D1-B037-4E8D-82F6-41CBD7E2D563}.Release|ARM64.Build.0 = Release|ARM64
		{F3F329D1-B037-4E8D-82F6-41CBD7E2D563}.Release|x64.ActiveCfg = Release|x64
		{F3F329D1-B037-4E8D-82F6-41CBD7E2D563}.Release|x64.Build.0 = Release|x64
		{F3F329D1-B037-4E8D-82F6-41CBD7E2D563}.Release|x86.ActiveCfg = Release|Win32
		{F3F329D1-B037-4E8D-82F6-41CBD7E2D563}.Release|x86.Build.0 = Release|Win32
		{E0A236E7-F27D-49A2-8DA5-ADF57D6572AB}.Debug|ARM64.ActiveCfg = Debug|ARM64
		{E0A236E7-F27D-49A2-8DA5-ADF57D6572AB}.Debug|ARM64.Build.0 = Debug|ARM64
		{E0A236E7-F27D-49A2-8DA5-ADF57D6572AB}.Debug|x64.ActiveCfg = Debug|x64
		{E0A236E7-F27D-49A2-8DA5-ADF57D6572AB}.Debug|x64.Build.0 = Debug|x64
		{E0A236E7-F27D-49A2-8DA5-ADF57D6572AB}.Debug|x86.ActiveCfg = Debug|Win32
		{E0A236E7-F27D-49A2-8DA5-ADF57D6572AB}.Debug|x86.Build.0 = Debug|Win32
		{E0A236E7-F27D-49A2-8DA5-ADF57D6572AB}.Release|ARM64.ActiveCfg = Release|ARM64
		{E0A236E7-F27D-49A2-8DA5-ADF57D6572AB}.Release|ARM64.Build.0 = Release|ARM64
		{E0A236E7-F27D-49A2-8DA5-ADF57D6572AB}.Release|x64.ActiveCfg = Release|x64
		{E0A236E7-F27D-49A2-8DA5-ADF57D6572AB}.Release|x64.Build.0 = Release|x64
		{E0A236E7-F27D-49A2-8DA5-ADF57D6572AB}.Release|x86.ActiveCfg = Release|Win32
		{E0A236E7-F27D-49A2-8DA5-ADF57D6572AB}.Release|x86.Build.0 = Release|Win32
		{2984A583-52B9-467C-8D67-C8211A7CE43E}.Debug|ARM64.ActiveCfg = Debug|ARM64
		{2984A583-52B9-467C-8D67-C8211A7CE43E}.Debug|ARM64.Build.0 = Debug|ARM64
		{2984A583-52B9-467C-8D67-C8211A7CE43E}.Debug|x64.ActiveCfg = Debug|x64
		{2984A583-52B9-467C-8D67-C8211A7CE43E}.Debug|x64.Build.0 = Debug|x64
		{2984A583-52B9-467C-8D67-C8211A7CE43E}.Debug|x86.ActiveCfg = Debug|Win32
		{2984A583-52B9-467C-8D67-C8211A7CE43E}.Debug|x86.Build.0 = Debug|Win32
		{2984A583-52B9-467C-8D67-C8211A7CE43E}.Release|ARM64.ActiveCfg = Release|ARM64
		{2984A583-52B9-467C-8D67-C8211A7CE43E}.Release|ARM64.Build.0 = Release|ARM64
		{2984A583-52B9-467C-8D67-C8211A7CE43E}.Release|x64.ActiveCfg = Release|x64
		{2984A583-52B9-467C-8D67-C8211A7CE43E}.Release|x64.Build.0 = Release|x64
		{2984A583-52B9-467C-8D67-C8211A7CE43E}.Release|x86.ActiveCfg = Release|Win32
		{2984A583-52B9-467C-8D67-C8211A7CE43E}.Release|x86.Build.0 = Release|Win32
		{3E9FAF38-7F8E-4F5F-B2B1-B5648E62BF90}.Debug|ARM64.ActiveCfg = Debug|ARM64
		{3E9FAF38-7F8E-4F5F-B2B1-B5648E62BF90}.Debug|ARM64.Build.0 = Debug|ARM64
		{3E9FAF38-7F8E-4F5F-B2B1-B5648E62BF90}.Debug|x64.ActiveCfg = Debug|x64
		{3E9FAF38-7F8E-4F5F-B2B1-B5648E62BF90}.Debug|x64.Build.0 = Debug|x64
		{3E9FAF38-7F8E-4F5F-B2B1-B5648E62BF90}.Debug|x86.ActiveCfg = Debug|Win32
		{3E9FAF38-7F8E-4F5F-B2B1-B5648E62BF90}.Debug|x86.Build.0 = Debug|Win32
		{3E9FAF38-7F8E-4F5F-B2B1-B5648E62BF90}.Release|ARM64.ActiveCfg = Release|ARM64
		{3E9FAF38-7F8E-4F5F-B2B1-B5648E62BF90}.Release|ARM64.Build.0 = Release|ARM64
		{3E9FAF38-7F8E-4F5F-B2B1-B5648E62BF90}.Release|x64.ActiveCfg = Release|x64
		{3E9FAF38-7F8E-4F5F-B2B1-B5648E62BF90}.Release|x64.Build.0 = Release|x64
		{3E9FAF38-7F8E-4F5F-B2B1-B5648E62BF90}.Release|x86.ActiveCfg = Release|Win32
		{3E9FAF38-7F8E-4F5F-B2B1-B5648E62BF90}.Release|x86.Build.0 = Release|Win32
		{9E08DB9B-8A17-4CE5-BC7A-DA52CD3B4585}.Debug|ARM64.ActiveCfg = Debug|ARM64
		{9E08DB9B-8A17-4CE5-BC7A-DA52CD3B4585}.Debug|ARM64.Build.0 = Debug|ARM64
		{9E08DB9B-8A17-4CE5-BC7A-DA52CD3B4585}.Debug|x64.ActiveCfg = Debug|x64
		{9E08DB9B-8A17-4CE5-BC7A-DA52CD3B4585}.Debug|x64.Build.0 = Debug|x64
		{9E08DB9B-8A17-4CE5-BC7A-DA52CD3B4585}.Debug|x86.ActiveCfg = Debug|Win32
		{9E08DB9B-8A17-4CE5-BC7A-DA52CD3B4585}.Debug|x86.Build.0 = Debug|Win32
		{9E08DB9B-8A17-4CE5-BC7A-DA52CD3B4585}.Release|ARM64.ActiveCfg = Release|ARM64
		{9E08DB9B-8A17-4CE5-BC7A-DA52CD3B4585}.Release|ARM64.Build.0 = Release|ARM64
		{9E08DB9B-8A17-4CE5-BC7A-DA52CD3B4585}.Release|x64.ActiveCfg = Release|x64
		{9E08DB9B-8A17-4CE5-BC7A-DA52CD3B4585}.Release|x64.Build.0 = Release|x64
		{9E08DB9B-8A17-4CE5-BC7A-DA52CD3B4585}.Release|x86.ActiveCfg = Release|Win32
		{9E08DB9B-8A17-4CE5-BC7A-DA52CD3B4585}.Release|x86.Build.0 = Release|Win32
		{04E3581B-F4BB-4DB1-A280-85F7C955C5D4}.Debug|ARM64.ActiveCfg = Debug|ARM64
		{04E3581B-F4BB-4DB1-A280-85F7C955C5D4}.Debug|ARM64.Build.0 = Debug|ARM64
		{04E3581B-F4BB-4DB1-A280-85F7C955C5D4}.Debug|x64.ActiveCfg = Debug|x64
		{04E3581B-F4BB-4DB1-A280-85F7C955C5D4}.Debug|x64.Build.0 = Debug|x64
		{04E3581B-F4BB-4DB1-A280-85F7C955C5D4}.Debug|x86.ActiveCfg = Debug|Win32
		{04E3581B-F4BB-4DB1-A280-85F7C955C5D4}.Debug|x86.Build.0 = Debug|Win32
		{04E3581B-F4BB-4DB1-A280-85F7C955C5D4}.Release|ARM64.ActiveCfg = Release|ARM64
		{04E3581B-F4BB-4DB1-A280-85F7C955C5D4}.Release|ARM64.Build.0 = Release|ARM64
		{04E3581B-F4BB-4DB1-A280-85F7C955C5D4}.Release|x64.ActiveCfg = Release|x64
		{04E3581B-F4BB-4DB1-A280-85F7C955C5D4}.Release|x64.Build.0 = Release|x64
		{04E3581B-F4BB-4DB1-A280-85F7C955C5D4}.Release|x86.ActiveCfg = Release|Win32
		{04E3581B-F4BB-4DB1-A280-85F7C955C5D4}.Release|x86.Build.0 = Release|Win32
		{F31EBF16-FC5F-4C94-AAAC-6EB3D36CE8A8}.Debug|ARM64.ActiveCfg = Debug|ARM64
		{F31EBF16-FC5F-4C94-AAAC-6EB3D36CE8A8}.Debug|ARM64.Build.0 = Debug|ARM64
		{F31EBF16-FC5F-4C94-AAAC-6EB3D36CE8A8}.Debug|x64.ActiveCfg = Debug|x64
		{F31EBF16-FC5F-4C94-AAAC-6EB3D36CE8A8}.Debug|x64.Build.0 = Debug|x64
		{F31EBF16-FC5F-4C94-AAAC-6EB3D36CE8A8}.Debug|x86.ActiveCfg = Debug|Win32
		{F31EBF16-FC5F-4C94-AAAC-6EB3D36CE8A8}.Debug|x86.Build.0 = Debug|Win32
		{F31EBF16-FC5F-4C94-AAAC-6EB3D36CE8A8}.Release|ARM64.ActiveCfg = Release|ARM64
		{F31EBF16-FC5F-4C94-AAAC-6EB3D36CE8A8}.Release|ARM64.Build.0 = Release|ARM64
		{F31EBF16-FC5F-4C94-AAAC-6EB3D36CE8A8}.Release|x64.ActiveCfg = Release|x64
		{F31EBF16-FC5F-4C94-AAAC-6EB3D36CE8A8}.Release|x64.Build.0 = Release|x64
		{F31EBF16-FC5F-4C94-AAAC-6EB3D36CE8A8}.Release|x86.ActiveCfg = Release|Win32
		{F31EBF16-FC5F-4C94-AAAC-6EB3D36CE8A8}.Release|x86.Build.0 = Release|Win32
		{85EC7D4F-D881-4EC7-AFA2-1C4961D13351}.Debug|ARM64.ActiveCfg = Debug|ARM64
		{85EC7D4F-D881-4EC7-AFA2-1C4961D13351}.Debug|ARM64.Build.0 = Debug|ARM64
		{85EC7D4F-D881-4EC7-AFA2-1C4961D13351}.Debug|x64.ActiveCfg = Debug|x64
		{85EC7D4F-D881-4EC7-AFA2-1C4961D13351}.Debug|x64.Build.0 = Debug|x64
		{85EC7D4F-D881-4EC7-AFA2-1C4961D13351}.Debug|x86.ActiveCfg = Debug|Win32
		{85EC7D4F-D881-4EC7-AFA2-1C4961D13351}.Debug|x86.Build.0 = Debug|Win32
		{85EC7D4F-D881-4EC7-AFA2-1C4961D13351}.Release|ARM64.ActiveCfg = Release|ARM64
		{85EC7D4F-D881-4EC7-AFA2-1C4961D13351}.Release|ARM64.Build.0 = Release|ARM64
		{85EC7D4F-D881-4EC7-AFA2-1C4961D13351}.Release|x64.ActiveCfg = Release|x64
		{85EC7D4F-D881-4EC7-AFA2-1C4961D13351}.Release|x64.Build.0 = Release|x64
		{85EC7D4F-D881-4EC7-AFA2-1C4961D13351}.Release|x86.ActiveCfg = Release|Win32
		{85EC7D4F-D881-4EC7-AFA2-1C4961D13351}.Release|x86.Build.0 = Release|Win32
		{1E7445A2-0587-4E08-A915-8AE55ACA03F9}.Debug|ARM64.ActiveCfg = Debug|ARM64
		{1E7445A2-0587-4E08-A915-8AE55ACA03F9}.Debug|ARM64.Build.0 = Debug|ARM64
		{1E7445A2-0587-4E08-A915-8AE55ACA03F9}.Debug|x64.ActiveCfg = Debug|x64
		{1E7445A2-0587-4E08-A915-8AE55ACA03F9}.Debug|x64.Build.0 = Debug|x64
		{1E7445A2-0587-4E08-A915-8AE55ACA03F9}.Debug|x86.ActiveCfg = Debug|Win32
		{1E7445A2-0587-4E08-A915-8AE55ACA03F9}.Debug|x86.Build.0 = Debug|Win32
		{1E7445A2-0587-4E08-A915-8AE55ACA03F9}.Release|ARM64.ActiveCfg = Release|ARM64
		{1E7445A2-0587-4E08-A915-8AE55ACA03F9}.Release|ARM64.Build.0 = Release|ARM64
		{1E7445A2-0587-4E08-A915-8AE55ACA03F9}.Release|x64.ActiveCfg = Release|x64
		{1E7445A2-0587-4E08-A915-8AE55ACA03F9}.Release|x64.Build.0 = Release|x64
		{1E7445A2-0587-4E08-A915-8AE55ACA03F9}.Release|x86.ActiveCfg = Release|Win32
		{1E7445A2-0587-4E08-A915-8AE55ACA03F9}.Release|x86.Build.0 = Release|Win32
		{D34362EB-D4C5-4912-BEB7-BB36088F36E9}.Debug|ARM64.ActiveCfg = Debug|ARM64
		{D34362EB-D4C5-4912-BEB7-BB36088F36E9}.Debug|ARM64.Build.0 = Debug|ARM64
		{D34362EB-D4C5-4912-BEB7-BB36088F36E9}.Debug|x64.ActiveCfg = Debug|x64
		{D34362EB-D4C5-4912-BEB7-BB36088F36E9}.Debug|x64.Build.0 = Debug|x64
		{D34362EB-D4C5-4912-BEB7-BB36088F36E9}.Debug|x86.ActiveCfg = Debug|Win32
		{D34362EB-D4C5-4912-BEB7-BB36088F36E9}.Debug|x86.Build.0 = Debug|Win32
		{D34362EB-D4C5-4912-BEB7-BB36088F36E9}.Release|ARM64.ActiveCfg = Release|ARM64
		{D34362EB-D4C5-4912-BEB7-BB36088F36E9}.Release|ARM64.Build.0 = Release|ARM64
		{D34362EB-D4C5-4912-BEB7-BB36088F36E9}.Release|x64.ActiveCfg = Release|x64
		{D34362EB-D4C5-4912-BEB7-BB36088F36E9}.Release|x64.Build.0 = Release|x64
		{D34362EB-D4C5-4912-BEB7-BB36088F36E9}.Release|x86.ActiveCfg = Release|Win32
		{D34362EB-D4C5-4912-BEB7-BB36088F36E9}.Release|x86.Build.0 = Release|Win32
		{A0FF504D-2C88-4F09-AC55-4762B3E72CB4}.Debug|ARM64.ActiveCfg = Debug|ARM64
		{A0FF504D-2C88-4F09-AC55-4762B3E72CB4}.Debug|ARM64.Build.0 = Debug|ARM64
		{A0FF504D-2C88-4F09-AC55-4762B3E72CB4}.Debug|x64.ActiveCfg = Debug|x64
		{A0FF504D-2C88-4F09-AC55-4762B3E72CB4}.Debug|x64.Build.0 = Debug|x64
		{A0FF504D-2C88-4F09-AC55-4762B3E72CB4}.Debug|x86.ActiveCfg = Debug|Win32
		{A0FF504D-2C88-4F09-AC55-4762B3E72CB4}.Debug|x86.Build.0 = Debug|Win32
		{A0FF504D-2C88-4F09-AC55-4762B3E72CB4}.Release|ARM64.ActiveCfg = Release|ARM64
		{A0FF504D-2C88-4F09-AC55-4762B3E72CB4}.Release|ARM64.Build.0 = Release|ARM64
		{A0FF504D-2C88-4F09-AC55-4762B3E72CB4}.Release|x64.ActiveCfg = Release|x64
		{A0FF504D-2C88-4F09-AC55-4762B3E72CB4}.Release|x64.Build.0 = Release|x64
		{A0FF504D-2C88-4F09-AC55-4762B3E72CB4}.Release|x86.ActiveCfg = Release|Win32
		{A0FF504D-2C88-4F09-AC55-4762B3E72CB4}.Release|x86.Build.0 = Release|Win32
	EndGlobalSection
	GlobalSection(SolutionProperties) = preSolution
		HideSolutionNode = FALSE
	EndGlobalSection
	GlobalSection(ExtensibilityGlobals) = postSolution
		SolutionGuid = {8C2D659B-2F42-47FE-A03B-871A1AF4B6AE}
	EndGlobalSection
EndGlobal
